// !$*UTF8*$!
{
	archiveVersion = 1;
	classes = {
	};
	objectVersion = 46;
	objects = {

/* Begin PBXBuildFile section */
		8EAD12801B44B914007C5890 /* AppDelegate.swift in Sources */ = {isa = PBXBuildFile; fileRef = 8EAD127F1B44B914007C5890 /* AppDelegate.swift */; };
		8EAD12821B44B914007C5890 /* ViewController.swift in Sources */ = {isa = PBXBuildFile; fileRef = 8EAD12811B44B914007C5890 /* ViewController.swift */; };
		8EAD12851B44B914007C5890 /* Main.storyboard in Resources */ = {isa = PBXBuildFile; fileRef = 8EAD12831B44B914007C5890 /* Main.storyboard */; };
		8EAD12871B44B914007C5890 /* Images.xcassets in Resources */ = {isa = PBXBuildFile; fileRef = 8EAD12861B44B914007C5890 /* Images.xcassets */; };
		8EAD128A1B44B914007C5890 /* LaunchScreen.xib in Resources */ = {isa = PBXBuildFile; fileRef = 8EAD12881B44B914007C5890 /* LaunchScreen.xib */; };
		8EAD12961B44B914007C5890 /* TablesTests.swift in Sources */ = {isa = PBXBuildFile; fileRef = 8EAD12951B44B914007C5890 /* TablesTests.swift */; };
		8EAD12A01B44B971007C5890 /* FirstTableViewController.swift in Sources */ = {isa = PBXBuildFile; fileRef = 8EAD129F1B44B971007C5890 /* FirstTableViewController.swift */; };
		8EAD12A21B44C079007C5890 /* image.png in Resources */ = {isa = PBXBuildFile; fileRef = 8EAD12A11B44C079007C5890 /* image.png */; };
/* End PBXBuildFile section */

/* Begin PBXContainerItemProxy section */
		8EAD12901B44B914007C5890 /* PBXContainerItemProxy */ = {
			isa = PBXContainerItemProxy;
			containerPortal = 8EAD12721B44B914007C5890 /* Project object */;
			proxyType = 1;
			remoteGlobalIDString = 8EAD12791B44B914007C5890;
			remoteInfo = Tables;
		};
/* End PBXContainerItemProxy section */

/* Begin PBXFileReference section */
		8EAD127A1B44B914007C5890 /* Tables.app */ = {isa = PBXFileReference; explicitFileType = wrapper.application; includeInIndex = 0; path = Tables.app; sourceTree = BUILT_PRODUCTS_DIR; };
		8EAD127E1B44B914007C5890 /* Info.plist */ = {isa = PBXFileReference; lastKnownFileType = text.plist.xml; path = Info.plist; sourceTree = "<group>"; };
		8EAD127F1B44B914007C5890 /* AppDelegate.swift */ = {isa = PBXFileReference; lastKnownFileType = sourcecode.swift; path = AppDelegate.swift; sourceTree = "<group>"; };
		8EAD12811B44B914007C5890 /* ViewController.swift */ = {isa = PBXFileReference; lastKnownFileType = sourcecode.swift; path = ViewController.swift; sourceTree = "<group>"; };
		8EAD12841B44B914007C5890 /* Base */ = {isa = PBXFileReference; lastKnownFileType = file.storyboard; name = Base; path = Base.lproj/Main.storyboard; sourceTree = "<group>"; };
		8EAD12861B44B914007C5890 /* Images.xcassets */ = {isa = PBXFileReference; lastKnownFileType = folder.assetcatalog; path = Images.xcassets; sourceTree = "<group>"; };
		8EAD12891B44B914007C5890 /* Base */ = {isa = PBXFileReference; lastKnownFileType = file.xib; name = Base; path = Base.lproj/LaunchScreen.xib; sourceTree = "<group>"; };
		8EAD128F1B44B914007C5890 /* TablesTests.xctest */ = {isa = PBXFileReference; explicitFileType = wrapper.cfbundle; includeInIndex = 0; path = TablesTests.xctest; sourceTree = BUILT_PRODUCTS_DIR; };
		8EAD12941B44B914007C5890 /* Info.plist */ = {isa = PBXFileReference; lastKnownFileType = text.plist.xml; path = Info.plist; sourceTree = "<group>"; };
		8EAD12951B44B914007C5890 /* TablesTests.swift */ = {isa = PBXFileReference; lastKnownFileType = sourcecode.swift; path = TablesTests.swift; sourceTree = "<group>"; };
		8EAD129F1B44B971007C5890 /* FirstTableViewController.swift */ = {isa = PBXFileReference; fileEncoding = 4; lastKnownFileType = sourcecode.swift; path = FirstTableViewController.swift; sourceTree = "<group>"; };
		8EAD12A11B44C079007C5890 /* image.png */ = {isa = PBXFileReference; lastKnownFileType = image.png; name = image.png; path = ../../../../../../../../../Desktop/image.png; sourceTree = "<group>"; };
/* End PBXFileReference section */

/* Begin PBXFrameworksBuildPhase section */
		8EAD12771B44B914007C5890 /* Frameworks */ = {
			isa = PBXFrameworksBuildPhase;
			buildActionMask = 2147483647;
			files = (
			);
			runOnlyForDeploymentPostprocessing = 0;
		};
		8EAD128C1B44B914007C5890 /* Frameworks */ = {
			isa = PBXFrameworksBuildPhase;
			buildActionMask = 2147483647;
			files = (
			);
			runOnlyForDeploymentPostprocessing = 0;
		};
/* End PBXFrameworksBuildPhase section */

/* Begin PBXGroup section */
		8EAD12711B44B914007C5890 = {
			isa = PBXGroup;
			children = (
				8EAD127C1B44B914007C5890 /* Tables */,
				8EAD12921B44B914007C5890 /* TablesTests */,
				8EAD127B1B44B914007C5890 /* Products */,
			);
			sourceTree = "<group>";
		};
		8EAD127B1B44B914007C5890 /* Products */ = {
			isa = PBXGroup;
			children = (
				8EAD127A1B44B914007C5890 /* Tables.app */,
				8EAD128F1B44B914007C5890 /* TablesTests.xctest */,
			);
			name = Products;
			sourceTree = "<group>";
		};
		8EAD127C1B44B914007C5890 /* Tables */ = {
			isa = PBXGroup;
			children = (
				8EAD12A11B44C079007C5890 /* image.png */,
				8EAD127F1B44B914007C5890 /* AppDelegate.swift */,
				8EAD129F1B44B971007C5890 /* FirstTableViewController.swift */,
				8EAD12811B44B914007C5890 /* ViewController.swift */,
				8EAD12831B44B914007C5890 /* Main.storyboard */,
				8EAD12861B44B914007C5890 /* Images.xcassets */,
				8EAD12881B44B914007C5890 /* LaunchScreen.xib */,
				8EAD127D1B44B914007C5890 /* Supporting Files */,
			);
			path = Tables;
			sourceTree = "<group>";
		};
		8EAD127D1B44B914007C5890 /* Supporting Files */ = {
			isa = PBXGroup;
			children = (
				8EAD127E1B44B914007C5890 /* Info.plist */,
			);
			name = "Supporting Files";
			sourceTree = "<group>";
		};
		8EAD12921B44B914007C5890 /* TablesTests */ = {
			isa = PBXGroup;
			children = (
				8EAD12951B44B914007C5890 /* TablesTests.swift */,
				8EAD12931B44B914007C5890 /* Supporting Files */,
			);
			path = TablesTests;
			sourceTree = "<group>";
		};
		8EAD12931B44B914007C5890 /* Supporting Files */ = {
			isa = PBXGroup;
			children = (
				8EAD12941B44B914007C5890 /* Info.plist */,
			);
			name = "Supporting Files";
			sourceTree = "<group>";
		};
/* End PBXGroup section */

/* Begin PBXNativeTarget section */
		8EAD12791B44B914007C5890 /* Tables */ = {
			isa = PBXNativeTarget;
			buildConfigurationList = 8EAD12991B44B914007C5890 /* Build configuration list for PBXNativeTarget "Tables" */;
			buildPhases = (
				8EAD12761B44B914007C5890 /* Sources */,
				8EAD12771B44B914007C5890 /* Frameworks */,
				8EAD12781B44B914007C5890 /* Resources */,
			);
			buildRules = (
			);
			dependencies = (
			);
			name = Tables;
			productName = Tables;
			productReference = 8EAD127A1B44B914007C5890 /* Tables.app */;
			productType = "com.apple.product-type.application";
		};
		8EAD128E1B44B914007C5890 /* TablesTests */ = {
			isa = PBXNativeTarget;
			buildConfigurationList = 8EAD129C1B44B914007C5890 /* Build configuration list for PBXNativeTarget "TablesTests" */;
			buildPhases = (
				8EAD128B1B44B914007C5890 /* Sources */,
				8EAD128C1B44B914007C5890 /* Frameworks */,
				8EAD128D1B44B914007C5890 /* Resources */,
			);
			buildRules = (
			);
			dependencies = (
				8EAD12911B44B914007C5890 /* PBXTargetDependency */,
			);
			name = TablesTests;
			productName = TablesTests;
			productReference = 8EAD128F1B44B914007C5890 /* TablesTests.xctest */;
			productType = "com.apple.product-type.bundle.unit-test";
		};
/* End PBXNativeTarget section */

/* Begin PBXProject section */
		8EAD12721B44B914007C5890 /* Project object */ = {
			isa = PBXProject;
			attributes = {
				LastUpgradeCheck = 0640;
				ORGANIZATIONNAME = "Arthur Ariel Sabintsev";
				TargetAttributes = {
					8EAD12791B44B914007C5890 = {
						CreatedOnToolsVersion = 6.3.2;
					};
					8EAD128E1B44B914007C5890 = {
						CreatedOnToolsVersion = 6.3.2;
						TestTargetID = 8EAD12791B44B914007C5890;
					};
				};
			};
			buildConfigurationList = 8EAD12751B44B914007C5890 /* Build configuration list for PBXProject "Tables" */;
			compatibilityVersion = "Xcode 3.2";
			developmentRegion = English;
			hasScannedForEncodings = 0;
			knownRegions = (
				en,
				Base,
			);
			mainGroup = 8EAD12711B44B914007C5890;
			productRefGroup = 8EAD127B1B44B914007C5890 /* Products */;
			projectDirPath = "";
			projectRoot = "";
			targets = (
				8EAD12791B44B914007C5890 /* Tables */,
				8EAD128E1B44B914007C5890 /* TablesTests */,
			);
		};
/* End PBXProject section */

/* Begin PBXResourcesBuildPhase section */
		8EAD12781B44B914007C5890 /* Resources */ = {
			isa = PBXResourcesBuildPhase;
			buildActionMask = 2147483647;
			files = (
				8EAD12851B44B914007C5890 /* Main.storyboard in Resources */,
				8EAD128A1B44B914007C5890 /* LaunchScreen.xib in Resources */,
				8EAD12871B44B914007C5890 /* Images.xcassets in Resources */,
				8EAD12A21B44C079007C5890 /* image.png in Resources */,
			);
			runOnlyForDeploymentPostprocessing = 0;
		};
		8EAD128D1B44B914007C5890 /* Resources */ = {
			isa = PBXResourcesBuildPhase;
			buildActionMask = 2147483647;
			files = (
			);
			runOnlyForDeploymentPostprocessing = 0;
		};
/* End PBXResourcesBuildPhase section */

/* Begin PBXSourcesBuildPhase section */
		8EAD12761B44B914007C5890 /* Sources */ = {
			isa = PBXSourcesBuildPhase;
			buildActionMask = 2147483647;
			files = (
				8EAD12821B44B914007C5890 /* ViewController.swift in Sources */,
				8EAD12801B44B914007C5890 /* AppDelegate.swift in Sources */,
				8EAD12A01B44B971007C5890 /* FirstTableViewController.swift in Sources */,
			);
			runOnlyForDeploymentPostprocessing = 0;
		};
		8EAD128B1B44B914007C5890 /* Sources */ = {
			isa = PBXSourcesBuildPhase;
			buildActionMask = 2147483647;
			files = (
				8EAD12961B44B914007C5890 /* TablesTests.swift in Sources */,
			);
			runOnlyForDeploymentPostprocessing = 0;
		};
/* End PBXSourcesBuildPhase section */

/* Begin PBXTargetDependency section */
		8EAD12911B44B914007C5890 /* PBXTargetDependency */ = {
			isa = PBXTargetDependency;
			target = 8EAD12791B44B914007C5890 /* Tables */;
			targetProxy = 8EAD12901B44B914007C5890 /* PBXContainerItemProxy */;
		};
/* End PBXTargetDependency section */

/* Begin PBXVariantGroup section */
		8EAD12831B44B914007C5890 /* Main.storyboard */ = {
			isa = PBXVariantGroup;
			children = (
				8EAD12841B44B914007C5890 /* Base */,
			);
			name = Main.storyboard;
			sourceTree = "<group>";
		};
		8EAD12881B44B914007C5890 /* LaunchScreen.xib */ = {
			isa = PBXVariantGroup;
			children = (
				8EAD12891B44B914007C5890 /* Base */,
			);
			name = LaunchScreen.xib;
			sourceTree = "<group>";
		};
/* End PBXVariantGroup section */

/* Begin XCBuildConfiguration section */
		8EAD12971B44B914007C5890 /* Debug */ = {
			isa = XCBuildConfiguration;
			buildSettings = {
				ALWAYS_SEARCH_USER_PATHS = NO;
				CLANG_CXX_LANGUAGE_STANDARD = "gnu++0x";
				CLANG_CXX_LIBRARY = "libc++";
				CLANG_ENABLE_MODULES = YES;
				CLANG_ENABLE_OBJC_ARC = YES;
				CLANG_WARN_BOOL_CONVERSION = YES;
				CLANG_WARN_CONSTANT_CONVERSION = YES;
				CLANG_WARN_DIRECT_OBJC_ISA_USAGE = YES_ERROR;
				CLANG_WARN_EMPTY_BODY = YES;
				CLANG_WARN_ENUM_CONVERSION = YES;
				CLANG_WARN_INT_CONVERSION = YES;
				CLANG_WARN_OBJC_ROOT_CLASS = YES_ERROR;
				CLANG_WARN_UNREACHABLE_CODE = YES;
				CLANG_WARN__DUPLICATE_METHOD_MATCH = YES;
				"CODE_SIGN_IDENTITY[sdk=iphoneos*]" = "iPhone Developer";
				COPY_PHASE_STRIP = NO;
				DEBUG_INFORMATION_FORMAT = "dwarf-with-dsym";
				ENABLE_STRICT_OBJC_MSGSEND = YES;
				GCC_C_LANGUAGE_STANDARD = gnu99;
				GCC_DYNAMIC_NO_PIC = NO;
				GCC_NO_COMMON_BLOCKS = YES;
				GCC_OPTIMIZATION_LEVEL = 0;
				GCC_PREPROCESSOR_DEFINITIONS = (
					"DEBUG=1",
					"$(inherited)",
				);
				GCC_SYMBOLS_PRIVATE_EXTERN = NO;
				GCC_WARN_64_TO_32_BIT_CONVERSION = YES;
				GCC_WARN_ABOUT_RETURN_TYPE = YES_ERROR;
				GCC_WARN_UNDECLARED_SELECTOR = YES;
				GCC_WARN_UNINITIALIZED_AUTOS = YES_AGGRESSIVE;
				GCC_WARN_UNUSED_FUNCTION = YES;
				GCC_WARN_UNUSED_VARIABLE = YES;
				IPHONEOS_DEPLOYMENT_TARGET = 8.3;
				MTL_ENABLE_DEBUG_INFO = YES;
				ONLY_ACTIVE_ARCH = YES;
				SDKROOT = iphoneos;
				SWIFT_OPTIMIZATION_LEVEL = "-Onone";
			};
			name = Debug;
		};
		8EAD12981B44B914007C5890 /* Release */ = {
			isa = XCBuildConfiguration;
			buildSettings = {
				ALWAYS_SEARCH_USER_PATHS = NO;
				CLANG_CXX_LANGUAGE_STANDARD = "gnu++0x";
				CLANG_CXX_LIBRARY = "libc++";
				CLANG_ENABLE_MODULES = YES;
				CLANG_ENABLE_OBJC_ARC = YES;
				CLANG_WARN_BOOL_CONVERSION = YES;
				CLANG_WARN_CONSTANT_CONVERSION = YES;
				CLANG_WARN_DIRECT_OBJC_ISA_USAGE = YES_ERROR;
				CLANG_WARN_EMPTY_BODY = YES;
				CLANG_WARN_ENUM_CONVERSION = YES;
				CLANG_WARN_INT_CONVERSION = YES;
				CLANG_WARN_OBJC_ROOT_CLASS = YES_ERROR;
				CLANG_WARN_UNREACHABLE_CODE = YES;
				CLANG_WARN__DUPLICATE_METHOD_MATCH = YES;
				"CODE_SIGN_IDENTITY[sdk=iphoneos*]" = "iPhone Developer";
				COPY_PHASE_STRIP = NO;
				DEBUG_INFORMATION_FORMAT = "dwarf-with-dsym";
				ENABLE_NS_ASSERTIONS = NO;
				ENABLE_STRICT_OBJC_MSGSEND = YES;
				GCC_C_LANGUAGE_STANDARD = gnu99;
				GCC_NO_COMMON_BLOCKS = YES;
				GCC_WARN_64_TO_32_BIT_CONVERSION = YES;
				GCC_WARN_ABOUT_RETURN_TYPE = YES_ERROR;
				GCC_WARN_UNDECLARED_SELECTOR = YES;
				GCC_WARN_UNINITIALIZED_AUTOS = YES_AGGRESSIVE;
				GCC_WARN_UNUSED_FUNCTION = YES;
				GCC_WARN_UNUSED_VARIABLE = YES;
				IPHONEOS_DEPLOYMENT_TARGET = 8.3;
				MTL_ENABLE_DEBUG_INFO = NO;
				SDKROOT = iphoneos;
				VALIDATE_PRODUCT = YES;
			};
			name = Release;
		};
		8EAD129A1B44B914007C5890 /* Debug */ = {
			isa = XCBuildConfiguration;
			buildSettings = {
				ASSETCATALOG_COMPILER_APPICON_NAME = AppIcon;
				INFOPLIST_FILE = Tables/Info.plist;
				LD_RUNPATH_SEARCH_PATHS = "$(inherited) @executable_path/Frameworks";
				PRODUCT_NAME = "$(TARGET_NAME)";
			};
			name = Debug;
		};
		8EAD129B1B44B914007C5890 /* Release */ = {
			isa = XCBuildConfiguration;
			buildSettings = {
				ASSETCATALOG_COMPILER_APPICON_NAME = AppIcon;
				INFOPLIST_FILE = Tables/Info.plist;
				LD_RUNPATH_SEARCH_PATHS = "$(inherited) @executable_path/Frameworks";
				PRODUCT_NAME = "$(TARGET_NAME)";
			};
			name = Release;
		};
		8EAD129D1B44B914007C5890 /* Debug */ = {
			isa = XCBuildConfiguration;
			buildSettings = {
				BUNDLE_LOADER = "$(TEST_HOST)";
				FRAMEWORK_SEARCH_PATHS = (
					"$(SDKROOT)/Developer/Library/Frameworks",
					"$(inherited)",
				);
				GCC_PREPROCESSOR_DEFINITIONS = (
					"DEBUG=1",
					"$(inherited)",
				);
				INFOPLIST_FILE = TablesTests/Info.plist;
				LD_RUNPATH_SEARCH_PATHS = "$(inherited) @executable_path/Frameworks @loader_path/Frameworks";
				PRODUCT_NAME = "$(TARGET_NAME)";
				TEST_HOST = "$(BUILT_PRODUCTS_DIR)/Tables.app/Tables";
			};
			name = Debug;
		};
		8EAD129E1B44B914007C5890 /* Release */ = {
			isa = XCBuildConfiguration;
			buildSettings = {
				BUNDLE_LOADER = "$(TEST_HOST)";
				FRAMEWORK_SEARCH_PATHS = (
					"$(SDKROOT)/Developer/Library/Frameworks",
					"$(inherited)",
				);
				INFOPLIST_FILE = TablesTests/Info.plist;
				LD_RUNPATH_SEARCH_PATHS = "$(inherited) @executable_path/Frameworks @loader_path/Frameworks";
				PRODUCT_NAME = "$(TARGET_NAME)";
				TEST_HOST = "$(BUILT_PRODUCTS_DIR)/Tables.app/Tables";
			};
			name = Release;
		};
/* End XCBuildConfiguration section */

/* Begin XCConfigurationList section */
		8EAD12751B44B914007C5890 /* Build configuration list for PBXProject "Tables" */ = {
			isa = XCConfigurationList;
			buildConfigurations = (
				8EAD12971B44B914007C5890 /* Debug */,
				8EAD12981B44B914007C5890 /* Release */,
			);
			defaultConfigurationIsVisible = 0;
			defaultConfigurationName = Release;
		};
		8EAD12991B44B914007C5890 /* Build configuration list for PBXNativeTarget "Tables" */ = {
			isa = XCConfigurationList;
			buildConfigurations = (
				8EAD129A1B44B914007C5890 /* Debug */,
				8EAD129B1B44B914007C5890 /* Release */,
			);
			defaultConfigurationIsVisible = 0;
		};
		8EAD129C1B44B914007C5890 /* Build configuration list for PBXNativeTarget "TablesTests" */ = {
			isa = XCConfigurationList;
			buildConfigurations = (
				8EAD129D1B44B914007C5890 /* Debug */,
				8EAD129E1B44B914007C5890 /* Release */,
			);
			defaultConfigurationIsVisible = 0;
		};
/* End XCConfigurationList section */
	};
	rootObject = 8EAD12721B44B914007C5890 /* Project object */;
}
