// !$*UTF8*$!
{
	archiveVersion = 1;
	classes = {
	};
	objectVersion = 46;
	objects = {

/* Begin PBXBuildFile section */
		15E6234B1B40D66100AFA623 /* AppDelegate.swift in Sources */ = {isa = PBXBuildFile; fileRef = 15E6234A1B40D66100AFA623 /* AppDelegate.swift */; };
		15E6234D1B40D66100AFA623 /* ViewController.swift in Sources */ = {isa = PBXBuildFile; fileRef = 15E6234C1B40D66100AFA623 /* ViewController.swift */; };
		15E623501B40D66100AFA623 /* Main.storyboard in Resources */ = {isa = PBXBuildFile; fileRef = 15E6234E1B40D66100AFA623 /* Main.storyboard */; };
		15E623521B40D66100AFA623 /* Images.xcassets in Resources */ = {isa = PBXBuildFile; fileRef = 15E623511B40D66100AFA623 /* Images.xcassets */; };
		15E623551B40D66100AFA623 /* LaunchScreen.xib in Resources */ = {isa = PBXBuildFile; fileRef = 15E623531B40D66100AFA623 /* LaunchScreen.xib */; };
		15E623611B40D66100AFA623 /* HomeWork_Week_2Tests.swift in Sources */ = {isa = PBXBuildFile; fileRef = 15E623601B40D66100AFA623 /* HomeWork_Week_2Tests.swift */; };
/* End PBXBuildFile section */

/* Begin PBXContainerItemProxy section */
		15E6235B1B40D66100AFA623 /* PBXContainerItemProxy */ = {
			isa = PBXContainerItemProxy;
			containerPortal = 15E6233D1B40D66100AFA623 /* Project object */;
			proxyType = 1;
			remoteGlobalIDString = 15E623441B40D66100AFA623;
			remoteInfo = HomeWork_Week_2;
		};
/* End PBXContainerItemProxy section */

/* Begin PBXFileReference section */
		15E623451B40D66100AFA623 /* HomeWork_Week_2.app */ = {isa = PBXFileReference; explicitFileType = wrapper.application; includeInIndex = 0; path = HomeWork_Week_2.app; sourceTree = BUILT_PRODUCTS_DIR; };
		15E623491B40D66100AFA623 /* Info.plist */ = {isa = PBXFileReference; lastKnownFileType = text.plist.xml; path = Info.plist; sourceTree = "<group>"; };
		15E6234A1B40D66100AFA623 /* AppDelegate.swift */ = {isa = PBXFileReference; lastKnownFileType = sourcecode.swift; path = AppDelegate.swift; sourceTree = "<group>"; };
		15E6234C1B40D66100AFA623 /* ViewController.swift */ = {isa = PBXFileReference; lastKnownFileType = sourcecode.swift; path = ViewController.swift; sourceTree = "<group>"; };
		15E6234F1B40D66100AFA623 /* Base */ = {isa = PBXFileReference; lastKnownFileType = file.storyboard; name = Base; path = Base.lproj/Main.storyboard; sourceTree = "<group>"; };
		15E623511B40D66100AFA623 /* Images.xcassets */ = {isa = PBXFileReference; lastKnownFileType = folder.assetcatalog; path = Images.xcassets; sourceTree = "<group>"; };
		15E623541B40D66100AFA623 /* Base */ = {isa = PBXFileReference; lastKnownFileType = file.xib; name = Base; path = Base.lproj/LaunchScreen.xib; sourceTree = "<group>"; };
		15E6235A1B40D66100AFA623 /* HomeWork_Week_2Tests.xctest */ = {isa = PBXFileReference; explicitFileType = wrapper.cfbundle; includeInIndex = 0; path = HomeWork_Week_2Tests.xctest; sourceTree = BUILT_PRODUCTS_DIR; };
		15E6235F1B40D66100AFA623 /* Info.plist */ = {isa = PBXFileReference; lastKnownFileType = text.plist.xml; path = Info.plist; sourceTree = "<group>"; };
		15E623601B40D66100AFA623 /* HomeWork_Week_2Tests.swift */ = {isa = PBXFileReference; lastKnownFileType = sourcecode.swift; path = HomeWork_Week_2Tests.swift; sourceTree = "<group>"; };
/* End PBXFileReference section */

/* Begin PBXFrameworksBuildPhase section */
		15E623421B40D66100AFA623 /* Frameworks */ = {
			isa = PBXFrameworksBuildPhase;
			buildActionMask = 2147483647;
			files = (
			);
			runOnlyForDeploymentPostprocessing = 0;
		};
		15E623571B40D66100AFA623 /* Frameworks */ = {
			isa = PBXFrameworksBuildPhase;
			buildActionMask = 2147483647;
			files = (
			);
			runOnlyForDeploymentPostprocessing = 0;
		};
/* End PBXFrameworksBuildPhase section */

/* Begin PBXGroup section */
		15E6233C1B40D66100AFA623 = {
			isa = PBXGroup;
			children = (
				15E623471B40D66100AFA623 /* HomeWork_Week_2 */,
				15E6235D1B40D66100AFA623 /* HomeWork_Week_2Tests */,
				15E623461B40D66100AFA623 /* Products */,
			);
			sourceTree = "<group>";
		};
		15E623461B40D66100AFA623 /* Products */ = {
			isa = PBXGroup;
			children = (
				15E623451B40D66100AFA623 /* HomeWork_Week_2.app */,
				15E6235A1B40D66100AFA623 /* HomeWork_Week_2Tests.xctest */,
			);
			name = Products;
			sourceTree = "<group>";
		};
		15E623471B40D66100AFA623 /* HomeWork_Week_2 */ = {
			isa = PBXGroup;
			children = (
				15E6234A1B40D66100AFA623 /* AppDelegate.swift */,
				15E6234C1B40D66100AFA623 /* ViewController.swift */,
				15E6234E1B40D66100AFA623 /* Main.storyboard */,
				15E623511B40D66100AFA623 /* Images.xcassets */,
				15E623531B40D66100AFA623 /* LaunchScreen.xib */,
				15E623481B40D66100AFA623 /* Supporting Files */,
			);
			path = HomeWork_Week_2;
			sourceTree = "<group>";
		};
		15E623481B40D66100AFA623 /* Supporting Files */ = {
			isa = PBXGroup;
			children = (
				15E623491B40D66100AFA623 /* Info.plist */,
			);
			name = "Supporting Files";
			sourceTree = "<group>";
		};
		15E6235D1B40D66100AFA623 /* HomeWork_Week_2Tests */ = {
			isa = PBXGroup;
			children = (
				15E623601B40D66100AFA623 /* HomeWork_Week_2Tests.swift */,
				15E6235E1B40D66100AFA623 /* Supporting Files */,
			);
			path = HomeWork_Week_2Tests;
			sourceTree = "<group>";
		};
		15E6235E1B40D66100AFA623 /* Supporting Files */ = {
			isa = PBXGroup;
			children = (
				15E6235F1B40D66100AFA623 /* Info.plist */,
			);
			name = "Supporting Files";
			sourceTree = "<group>";
		};
/* End PBXGroup section */

/* Begin PBXNativeTarget section */
		15E623441B40D66100AFA623 /* HomeWork_Week_2 */ = {
			isa = PBXNativeTarget;
			buildConfigurationList = 15E623641B40D66100AFA623 /* Build configuration list for PBXNativeTarget "HomeWork_Week_2" */;
			buildPhases = (
				15E623411B40D66100AFA623 /* Sources */,
				15E623421B40D66100AFA623 /* Frameworks */,
				15E623431B40D66100AFA623 /* Resources */,
			);
			buildRules = (
			);
			dependencies = (
			);
			name = HomeWork_Week_2;
			productName = HomeWork_Week_2;
			productReference = 15E623451B40D66100AFA623 /* HomeWork_Week_2.app */;
			productType = "com.apple.product-type.application";
		};
		15E623591B40D66100AFA623 /* HomeWork_Week_2Tests */ = {
			isa = PBXNativeTarget;
			buildConfigurationList = 15E623671B40D66100AFA623 /* Build configuration list for PBXNativeTarget "HomeWork_Week_2Tests" */;
			buildPhases = (
				15E623561B40D66100AFA623 /* Sources */,
				15E623571B40D66100AFA623 /* Frameworks */,
				15E623581B40D66100AFA623 /* Resources */,
			);
			buildRules = (
			);
			dependencies = (
				15E6235C1B40D66100AFA623 /* PBXTargetDependency */,
			);
			name = HomeWork_Week_2Tests;
			productName = HomeWork_Week_2Tests;
			productReference = 15E6235A1B40D66100AFA623 /* HomeWork_Week_2Tests.xctest */;
			productType = "com.apple.product-type.bundle.unit-test";
		};
/* End PBXNativeTarget section */

/* Begin PBXProject section */
		15E6233D1B40D66100AFA623 /* Project object */ = {
			isa = PBXProject;
			attributes = {
				LastUpgradeCheck = 0630;
				ORGANIZATIONNAME = "Roy Harrington Jr.";
				TargetAttributes = {
					15E623441B40D66100AFA623 = {
						CreatedOnToolsVersion = 6.3.2;
					};
					15E623591B40D66100AFA623 = {
						CreatedOnToolsVersion = 6.3.2;
						TestTargetID = 15E623441B40D66100AFA623;
					};
				};
			};
			buildConfigurationList = 15E623401B40D66100AFA623 /* Build configuration list for PBXProject "HomeWork_Week_2" */;
			compatibilityVersion = "Xcode 3.2";
			developmentRegion = English;
			hasScannedForEncodings = 0;
			knownRegions = (
				en,
				Base,
			);
			mainGroup = 15E6233C1B40D66100AFA623;
			productRefGroup = 15E623461B40D66100AFA623 /* Products */;
			projectDirPath = "";
			projectRoot = "";
			targets = (
				15E623441B40D66100AFA623 /* HomeWork_Week_2 */,
				15E623591B40D66100AFA623 /* HomeWork_Week_2Tests */,
			);
		};
/* End PBXProject section */

/* Begin PBXResourcesBuildPhase section */
		15E623431B40D66100AFA623 /* Resources */ = {
			isa = PBXResourcesBuildPhase;
			buildActionMask = 2147483647;
			files = (
				15E623501B40D66100AFA623 /* Main.storyboard in Resources */,
				15E623551B40D66100AFA623 /* LaunchScreen.xib in Resources */,
				15E623521B40D66100AFA623 /* Images.xcassets in Resources */,
			);
			runOnlyForDeploymentPostprocessing = 0;
		};
		15E623581B40D66100AFA623 /* Resources */ = {
			isa = PBXResourcesBuildPhase;
			buildActionMask = 2147483647;
			files = (
			);
			runOnlyForDeploymentPostprocessing = 0;
		};
/* End PBXResourcesBuildPhase section */

/* Begin PBXSourcesBuildPhase section */
		15E623411B40D66100AFA623 /* Sources */ = {
			isa = PBXSourcesBuildPhase;
			buildActionMask = 2147483647;
			files = (
				15E6234D1B40D66100AFA623 /* ViewController.swift in Sources */,
				15E6234B1B40D66100AFA623 /* AppDelegate.swift in Sources */,
			);
			runOnlyForDeploymentPostprocessing = 0;
		};
		15E623561B40D66100AFA623 /* Sources */ = {
			isa = PBXSourcesBuildPhase;
			buildActionMask = 2147483647;
			files = (
				15E623611B40D66100AFA623 /* HomeWork_Week_2Tests.swift in Sources */,
			);
			runOnlyForDeploymentPostprocessing = 0;
		};
/* End PBXSourcesBuildPhase section */

/* Begin PBXTargetDependency section */
		15E6235C1B40D66100AFA623 /* PBXTargetDependency */ = {
			isa = PBXTargetDependency;
			target = 15E623441B40D66100AFA623 /* HomeWork_Week_2 */;
			targetProxy = 15E6235B1B40D66100AFA623 /* PBXContainerItemProxy */;
		};
/* End PBXTargetDependency section */

/* Begin PBXVariantGroup section */
		15E6234E1B40D66100AFA623 /* Main.storyboard */ = {
			isa = PBXVariantGroup;
			children = (
				15E6234F1B40D66100AFA623 /* Base */,
			);
			name = Main.storyboard;
			sourceTree = "<group>";
		};
		15E623531B40D66100AFA623 /* LaunchScreen.xib */ = {
			isa = PBXVariantGroup;
			children = (
				15E623541B40D66100AFA623 /* Base */,
			);
			name = LaunchScreen.xib;
			sourceTree = "<group>";
		};
/* End PBXVariantGroup section */

/* Begin XCBuildConfiguration section */
		15E623621B40D66100AFA623 /* Debug */ = {
			isa = XCBuildConfiguration;
			buildSettings = {
				ALWAYS_SEARCH_USER_PATHS = NO;
				CLANG_CXX_LANGUAGE_STANDARD = "gnu++0x";
				CLANG_CXX_LIBRARY = "libc++";
				CLANG_ENABLE_MODULES = YES;
				CLANG_ENABLE_OBJC_ARC = YES;
				CLANG_WARN_BOOL_CONVERSION = YES;
				CLANG_WARN_CONSTANT_CONVERSION = YES;
				CLANG_WARN_DIRECT_OBJC_ISA_USAGE = YES_ERROR;
				CLANG_WARN_EMPTY_BODY = YES;
				CLANG_WARN_ENUM_CONVERSION = YES;
				CLANG_WARN_INT_CONVERSION = YES;
				CLANG_WARN_OBJC_ROOT_CLASS = YES_ERROR;
				CLANG_WARN_UNREACHABLE_CODE = YES;
				CLANG_WARN__DUPLICATE_METHOD_MATCH = YES;
				"CODE_SIGN_IDENTITY[sdk=iphoneos*]" = "iPhone Developer";
				COPY_PHASE_STRIP = NO;
				DEBUG_INFORMATION_FORMAT = "dwarf-with-dsym";
				ENABLE_STRICT_OBJC_MSGSEND = YES;
				GCC_C_LANGUAGE_STANDARD = gnu99;
				GCC_DYNAMIC_NO_PIC = NO;
				GCC_NO_COMMON_BLOCKS = YES;
				GCC_OPTIMIZATION_LEVEL = 0;
				GCC_PREPROCESSOR_DEFINITIONS = (
					"DEBUG=1",
					"$(inherited)",
				);
				GCC_SYMBOLS_PRIVATE_EXTERN = NO;
				GCC_WARN_64_TO_32_BIT_CONVERSION = YES;
				GCC_WARN_ABOUT_RETURN_TYPE = YES_ERROR;
				GCC_WARN_UNDECLARED_SELECTOR = YES;
				GCC_WARN_UNINITIALIZED_AUTOS = YES_AGGRESSIVE;
				GCC_WARN_UNUSED_FUNCTION = YES;
				GCC_WARN_UNUSED_VARIABLE = YES;
				IPHONEOS_DEPLOYMENT_TARGET = 8.3;
				MTL_ENABLE_DEBUG_INFO = YES;
				ONLY_ACTIVE_ARCH = YES;
				SDKROOT = iphoneos;
				SWIFT_OPTIMIZATION_LEVEL = "-Onone";
			};
			name = Debug;
		};
		15E623631B40D66100AFA623 /* Release */ = {
			isa = XCBuildConfiguration;
			buildSettings = {
				ALWAYS_SEARCH_USER_PATHS = NO;
				CLANG_CXX_LANGUAGE_STANDARD = "gnu++0x";
				CLANG_CXX_LIBRARY = "libc++";
				CLANG_ENABLE_MODULES = YES;
				CLANG_ENABLE_OBJC_ARC = YES;
				CLANG_WARN_BOOL_CONVERSION = YES;
				CLANG_WARN_CONSTANT_CONVERSION = YES;
				CLANG_WARN_DIRECT_OBJC_ISA_USAGE = YES_ERROR;
				CLANG_WARN_EMPTY_BODY = YES;
				CLANG_WARN_ENUM_CONVERSION = YES;
				CLANG_WARN_INT_CONVERSION = YES;
				CLANG_WARN_OBJC_ROOT_CLASS = YES_ERROR;
				CLANG_WARN_UNREACHABLE_CODE = YES;
				CLANG_WARN__DUPLICATE_METHOD_MATCH = YES;
				"CODE_SIGN_IDENTITY[sdk=iphoneos*]" = "iPhone Developer";
				COPY_PHASE_STRIP = NO;
				DEBUG_INFORMATION_FORMAT = "dwarf-with-dsym";
				ENABLE_NS_ASSERTIONS = NO;
				ENABLE_STRICT_OBJC_MSGSEND = YES;
				GCC_C_LANGUAGE_STANDARD = gnu99;
				GCC_NO_COMMON_BLOCKS = YES;
				GCC_WARN_64_TO_32_BIT_CONVERSION = YES;
				GCC_WARN_ABOUT_RETURN_TYPE = YES_ERROR;
				GCC_WARN_UNDECLARED_SELECTOR = YES;
				GCC_WARN_UNINITIALIZED_AUTOS = YES_AGGRESSIVE;
				GCC_WARN_UNUSED_FUNCTION = YES;
				GCC_WARN_UNUSED_VARIABLE = YES;
				IPHONEOS_DEPLOYMENT_TARGET = 8.3;
				MTL_ENABLE_DEBUG_INFO = NO;
				SDKROOT = iphoneos;
				VALIDATE_PRODUCT = YES;
			};
			name = Release;
		};
		15E623651B40D66100AFA623 /* Debug */ = {
			isa = XCBuildConfiguration;
			buildSettings = {
				ASSETCATALOG_COMPILER_APPICON_NAME = AppIcon;
				INFOPLIST_FILE = HomeWork_Week_2/Info.plist;
				LD_RUNPATH_SEARCH_PATHS = "$(inherited) @executable_path/Frameworks";
				PRODUCT_NAME = "$(TARGET_NAME)";
			};
			name = Debug;
		};
		15E623661B40D66100AFA623 /* Release */ = {
			isa = XCBuildConfiguration;
			buildSettings = {
				ASSETCATALOG_COMPILER_APPICON_NAME = AppIcon;
				INFOPLIST_FILE = HomeWork_Week_2/Info.plist;
				LD_RUNPATH_SEARCH_PATHS = "$(inherited) @executable_path/Frameworks";
				PRODUCT_NAME = "$(TARGET_NAME)";
			};
			name = Release;
		};
		15E623681B40D66100AFA623 /* Debug */ = {
			isa = XCBuildConfiguration;
			buildSettings = {
				BUNDLE_LOADER = "$(TEST_HOST)";
				FRAMEWORK_SEARCH_PATHS = (
					"$(SDKROOT)/Developer/Library/Frameworks",
					"$(inherited)",
				);
				GCC_PREPROCESSOR_DEFINITIONS = (
					"DEBUG=1",
					"$(inherited)",
				);
				INFOPLIST_FILE = HomeWork_Week_2Tests/Info.plist;
				LD_RUNPATH_SEARCH_PATHS = "$(inherited) @executable_path/Frameworks @loader_path/Frameworks";
				PRODUCT_NAME = "$(TARGET_NAME)";
				TEST_HOST = "$(BUILT_PRODUCTS_DIR)/HomeWork_Week_2.app/HomeWork_Week_2";
			};
			name = Debug;
		};
		15E623691B40D66100AFA623 /* Release */ = {
			isa = XCBuildConfiguration;
			buildSettings = {
				BUNDLE_LOADER = "$(TEST_HOST)";
				FRAMEWORK_SEARCH_PATHS = (
					"$(SDKROOT)/Developer/Library/Frameworks",
					"$(inherited)",
				);
				INFOPLIST_FILE = HomeWork_Week_2Tests/Info.plist;
				LD_RUNPATH_SEARCH_PATHS = "$(inherited) @executable_path/Frameworks @loader_path/Frameworks";
				PRODUCT_NAME = "$(TARGET_NAME)";
				TEST_HOST = "$(BUILT_PRODUCTS_DIR)/HomeWork_Week_2.app/HomeWork_Week_2";
			};
			name = Release;
		};
/* End XCBuildConfiguration section */

/* Begin XCConfigurationList section */
		15E623401B40D66100AFA623 /* Build configuration list for PBXProject "HomeWork_Week_2" */ = {
			isa = XCConfigurationList;
			buildConfigurations = (
				15E623621B40D66100AFA623 /* Debug */,
				15E623631B40D66100AFA623 /* Release */,
			);
			defaultConfigurationIsVisible = 0;
			defaultConfigurationName = Release;
		};
		15E623641B40D66100AFA623 /* Build configuration list for PBXNativeTarget "HomeWork_Week_2" */ = {
			isa = XCConfigurationList;
			buildConfigurations = (
				15E623651B40D66100AFA623 /* Debug */,
				15E623661B40D66100AFA623 /* Release */,
			);
			defaultConfigurationIsVisible = 0;
		};
		15E623671B40D66100AFA623 /* Build configuration list for PBXNativeTarget "HomeWork_Week_2Tests" */ = {
			isa = XCConfigurationList;
			buildConfigurations = (
				15E623681B40D66100AFA623 /* Debug */,
				15E623691B40D66100AFA623 /* Release */,
			);
			defaultConfigurationIsVisible = 0;
		};
/* End XCConfigurationList section */
	};
	rootObject = 15E6233D1B40D66100AFA623 /* Project object */;
}
