// !$*UTF8*$!
{
	archiveVersion = 1;
	classes = {
	};
	objectVersion = 46;
	objects = {

/* Begin PBXBuildFile section */
		8E8BC3311B4DFC87004C1911 /* AppDelegate.swift in Sources */ = {isa = PBXBuildFile; fileRef = 8E8BC3301B4DFC87004C1911 /* AppDelegate.swift */; };
		8E8BC3331B4DFC87004C1911 /* ViewController.swift in Sources */ = {isa = PBXBuildFile; fileRef = 8E8BC3321B4DFC87004C1911 /* ViewController.swift */; };
		8E8BC3361B4DFC87004C1911 /* Main.storyboard in Resources */ = {isa = PBXBuildFile; fileRef = 8E8BC3341B4DFC87004C1911 /* Main.storyboard */; };
		8E8BC3381B4DFC87004C1911 /* Images.xcassets in Resources */ = {isa = PBXBuildFile; fileRef = 8E8BC3371B4DFC87004C1911 /* Images.xcassets */; };
		8E8BC33B1B4DFC87004C1911 /* LaunchScreen.xib in Resources */ = {isa = PBXBuildFile; fileRef = 8E8BC3391B4DFC87004C1911 /* LaunchScreen.xib */; };
		8E8BC3471B4DFC87004C1911 /* Lesson11_SingletonExampleAppTests.swift in Sources */ = {isa = PBXBuildFile; fileRef = 8E8BC3461B4DFC87004C1911 /* Lesson11_SingletonExampleAppTests.swift */; };
/* End PBXBuildFile section */

/* Begin PBXContainerItemProxy section */
		8E8BC3411B4DFC87004C1911 /* PBXContainerItemProxy */ = {
			isa = PBXContainerItemProxy;
			containerPortal = 8E8BC3231B4DFC87004C1911 /* Project object */;
			proxyType = 1;
			remoteGlobalIDString = 8E8BC32A1B4DFC87004C1911;
			remoteInfo = "Lesson11-SingletonExampleApp";
		};
/* End PBXContainerItemProxy section */

/* Begin PBXFileReference section */
		8E8BC32B1B4DFC87004C1911 /* Lesson11-SingletonExampleApp.app */ = {isa = PBXFileReference; explicitFileType = wrapper.application; includeInIndex = 0; path = "Lesson11-SingletonExampleApp.app"; sourceTree = BUILT_PRODUCTS_DIR; };
		8E8BC32F1B4DFC87004C1911 /* Info.plist */ = {isa = PBXFileReference; lastKnownFileType = text.plist.xml; path = Info.plist; sourceTree = "<group>"; };
		8E8BC3301B4DFC87004C1911 /* AppDelegate.swift */ = {isa = PBXFileReference; lastKnownFileType = sourcecode.swift; path = AppDelegate.swift; sourceTree = "<group>"; };
		8E8BC3321B4DFC87004C1911 /* ViewController.swift */ = {isa = PBXFileReference; lastKnownFileType = sourcecode.swift; path = ViewController.swift; sourceTree = "<group>"; };
		8E8BC3351B4DFC87004C1911 /* Base */ = {isa = PBXFileReference; lastKnownFileType = file.storyboard; name = Base; path = Base.lproj/Main.storyboard; sourceTree = "<group>"; };
		8E8BC3371B4DFC87004C1911 /* Images.xcassets */ = {isa = PBXFileReference; lastKnownFileType = folder.assetcatalog; path = Images.xcassets; sourceTree = "<group>"; };
		8E8BC33A1B4DFC87004C1911 /* Base */ = {isa = PBXFileReference; lastKnownFileType = file.xib; name = Base; path = Base.lproj/LaunchScreen.xib; sourceTree = "<group>"; };
		8E8BC3401B4DFC87004C1911 /* Lesson11-SingletonExampleAppTests.xctest */ = {isa = PBXFileReference; explicitFileType = wrapper.cfbundle; includeInIndex = 0; path = "Lesson11-SingletonExampleAppTests.xctest"; sourceTree = BUILT_PRODUCTS_DIR; };
		8E8BC3451B4DFC87004C1911 /* Info.plist */ = {isa = PBXFileReference; lastKnownFileType = text.plist.xml; path = Info.plist; sourceTree = "<group>"; };
		8E8BC3461B4DFC87004C1911 /* Lesson11_SingletonExampleAppTests.swift */ = {isa = PBXFileReference; lastKnownFileType = sourcecode.swift; path = Lesson11_SingletonExampleAppTests.swift; sourceTree = "<group>"; };
/* End PBXFileReference section */

/* Begin PBXFrameworksBuildPhase section */
		8E8BC3281B4DFC87004C1911 /* Frameworks */ = {
			isa = PBXFrameworksBuildPhase;
			buildActionMask = 2147483647;
			files = (
			);
			runOnlyForDeploymentPostprocessing = 0;
		};
		8E8BC33D1B4DFC87004C1911 /* Frameworks */ = {
			isa = PBXFrameworksBuildPhase;
			buildActionMask = 2147483647;
			files = (
			);
			runOnlyForDeploymentPostprocessing = 0;
		};
/* End PBXFrameworksBuildPhase section */

/* Begin PBXGroup section */
		8E8BC3221B4DFC87004C1911 = {
			isa = PBXGroup;
			children = (
				8E8BC32D1B4DFC87004C1911 /* Lesson11-SingletonExampleApp */,
				8E8BC3431B4DFC87004C1911 /* Lesson11-SingletonExampleAppTests */,
				8E8BC32C1B4DFC87004C1911 /* Products */,
			);
			sourceTree = "<group>";
		};
		8E8BC32C1B4DFC87004C1911 /* Products */ = {
			isa = PBXGroup;
			children = (
				8E8BC32B1B4DFC87004C1911 /* Lesson11-SingletonExampleApp.app */,
				8E8BC3401B4DFC87004C1911 /* Lesson11-SingletonExampleAppTests.xctest */,
			);
			name = Products;
			sourceTree = "<group>";
		};
		8E8BC32D1B4DFC87004C1911 /* Lesson11-SingletonExampleApp */ = {
			isa = PBXGroup;
			children = (
				8E8BC3301B4DFC87004C1911 /* AppDelegate.swift */,
				8E8BC3321B4DFC87004C1911 /* ViewController.swift */,
				8E8BC3341B4DFC87004C1911 /* Main.storyboard */,
				8E8BC3371B4DFC87004C1911 /* Images.xcassets */,
				8E8BC3391B4DFC87004C1911 /* LaunchScreen.xib */,
				8E8BC32E1B4DFC87004C1911 /* Supporting Files */,
			);
			path = "Lesson11-SingletonExampleApp";
			sourceTree = "<group>";
		};
		8E8BC32E1B4DFC87004C1911 /* Supporting Files */ = {
			isa = PBXGroup;
			children = (
				8E8BC32F1B4DFC87004C1911 /* Info.plist */,
			);
			name = "Supporting Files";
			sourceTree = "<group>";
		};
		8E8BC3431B4DFC87004C1911 /* Lesson11-SingletonExampleAppTests */ = {
			isa = PBXGroup;
			children = (
				8E8BC3461B4DFC87004C1911 /* Lesson11_SingletonExampleAppTests.swift */,
				8E8BC3441B4DFC87004C1911 /* Supporting Files */,
			);
			path = "Lesson11-SingletonExampleAppTests";
			sourceTree = "<group>";
		};
		8E8BC3441B4DFC87004C1911 /* Supporting Files */ = {
			isa = PBXGroup;
			children = (
				8E8BC3451B4DFC87004C1911 /* Info.plist */,
			);
			name = "Supporting Files";
			sourceTree = "<group>";
		};
/* End PBXGroup section */

/* Begin PBXNativeTarget section */
		8E8BC32A1B4DFC87004C1911 /* Lesson11-SingletonExampleApp */ = {
			isa = PBXNativeTarget;
			buildConfigurationList = 8E8BC34A1B4DFC87004C1911 /* Build configuration list for PBXNativeTarget "Lesson11-SingletonExampleApp" */;
			buildPhases = (
				8E8BC3271B4DFC87004C1911 /* Sources */,
				8E8BC3281B4DFC87004C1911 /* Frameworks */,
				8E8BC3291B4DFC87004C1911 /* Resources */,
			);
			buildRules = (
			);
			dependencies = (
			);
			name = "Lesson11-SingletonExampleApp";
			productName = "Lesson11-SingletonExampleApp";
			productReference = 8E8BC32B1B4DFC87004C1911 /* Lesson11-SingletonExampleApp.app */;
			productType = "com.apple.product-type.application";
		};
		8E8BC33F1B4DFC87004C1911 /* Lesson11-SingletonExampleAppTests */ = {
			isa = PBXNativeTarget;
			buildConfigurationList = 8E8BC34D1B4DFC87004C1911 /* Build configuration list for PBXNativeTarget "Lesson11-SingletonExampleAppTests" */;
			buildPhases = (
				8E8BC33C1B4DFC87004C1911 /* Sources */,
				8E8BC33D1B4DFC87004C1911 /* Frameworks */,
				8E8BC33E1B4DFC87004C1911 /* Resources */,
			);
			buildRules = (
			);
			dependencies = (
				8E8BC3421B4DFC87004C1911 /* PBXTargetDependency */,
			);
			name = "Lesson11-SingletonExampleAppTests";
			productName = "Lesson11-SingletonExampleAppTests";
			productReference = 8E8BC3401B4DFC87004C1911 /* Lesson11-SingletonExampleAppTests.xctest */;
			productType = "com.apple.product-type.bundle.unit-test";
		};
/* End PBXNativeTarget section */

/* Begin PBXProject section */
		8E8BC3231B4DFC87004C1911 /* Project object */ = {
			isa = PBXProject;
			attributes = {
				LastUpgradeCheck = 0640;
				ORGANIZATIONNAME = "Arthur Ariel Sabintsev";
				TargetAttributes = {
					8E8BC32A1B4DFC87004C1911 = {
						CreatedOnToolsVersion = 6.4;
					};
					8E8BC33F1B4DFC87004C1911 = {
						CreatedOnToolsVersion = 6.4;
						TestTargetID = 8E8BC32A1B4DFC87004C1911;
					};
				};
			};
			buildConfigurationList = 8E8BC3261B4DFC87004C1911 /* Build configuration list for PBXProject "Lesson11-SingletonExampleApp" */;
			compatibilityVersion = "Xcode 3.2";
			developmentRegion = English;
			hasScannedForEncodings = 0;
			knownRegions = (
				en,
				Base,
			);
			mainGroup = 8E8BC3221B4DFC87004C1911;
			productRefGroup = 8E8BC32C1B4DFC87004C1911 /* Products */;
			projectDirPath = "";
			projectRoot = "";
			targets = (
				8E8BC32A1B4DFC87004C1911 /* Lesson11-SingletonExampleApp */,
				8E8BC33F1B4DFC87004C1911 /* Lesson11-SingletonExampleAppTests */,
			);
		};
/* End PBXProject section */

/* Begin PBXResourcesBuildPhase section */
		8E8BC3291B4DFC87004C1911 /* Resources */ = {
			isa = PBXResourcesBuildPhase;
			buildActionMask = 2147483647;
			files = (
				8E8BC3361B4DFC87004C1911 /* Main.storyboard in Resources */,
				8E8BC33B1B4DFC87004C1911 /* LaunchScreen.xib in Resources */,
				8E8BC3381B4DFC87004C1911 /* Images.xcassets in Resources */,
			);
			runOnlyForDeploymentPostprocessing = 0;
		};
		8E8BC33E1B4DFC87004C1911 /* Resources */ = {
			isa = PBXResourcesBuildPhase;
			buildActionMask = 2147483647;
			files = (
			);
			runOnlyForDeploymentPostprocessing = 0;
		};
/* End PBXResourcesBuildPhase section */

/* Begin PBXSourcesBuildPhase section */
		8E8BC3271B4DFC87004C1911 /* Sources */ = {
			isa = PBXSourcesBuildPhase;
			buildActionMask = 2147483647;
			files = (
				8E8BC3331B4DFC87004C1911 /* ViewController.swift in Sources */,
				8E8BC3311B4DFC87004C1911 /* AppDelegate.swift in Sources */,
			);
			runOnlyForDeploymentPostprocessing = 0;
		};
		8E8BC33C1B4DFC87004C1911 /* Sources */ = {
			isa = PBXSourcesBuildPhase;
			buildActionMask = 2147483647;
			files = (
				8E8BC3471B4DFC87004C1911 /* Lesson11_SingletonExampleAppTests.swift in Sources */,
			);
			runOnlyForDeploymentPostprocessing = 0;
		};
/* End PBXSourcesBuildPhase section */

/* Begin PBXTargetDependency section */
		8E8BC3421B4DFC87004C1911 /* PBXTargetDependency */ = {
			isa = PBXTargetDependency;
			target = 8E8BC32A1B4DFC87004C1911 /* Lesson11-SingletonExampleApp */;
			targetProxy = 8E8BC3411B4DFC87004C1911 /* PBXContainerItemProxy */;
		};
/* End PBXTargetDependency section */

/* Begin PBXVariantGroup section */
		8E8BC3341B4DFC87004C1911 /* Main.storyboard */ = {
			isa = PBXVariantGroup;
			children = (
				8E8BC3351B4DFC87004C1911 /* Base */,
			);
			name = Main.storyboard;
			sourceTree = "<group>";
		};
		8E8BC3391B4DFC87004C1911 /* LaunchScreen.xib */ = {
			isa = PBXVariantGroup;
			children = (
				8E8BC33A1B4DFC87004C1911 /* Base */,
			);
			name = LaunchScreen.xib;
			sourceTree = "<group>";
		};
/* End PBXVariantGroup section */

/* Begin XCBuildConfiguration section */
		8E8BC3481B4DFC87004C1911 /* Debug */ = {
			isa = XCBuildConfiguration;
			buildSettings = {
				ALWAYS_SEARCH_USER_PATHS = NO;
				CLANG_CXX_LANGUAGE_STANDARD = "gnu++0x";
				CLANG_CXX_LIBRARY = "libc++";
				CLANG_ENABLE_MODULES = YES;
				CLANG_ENABLE_OBJC_ARC = YES;
				CLANG_WARN_BOOL_CONVERSION = YES;
				CLANG_WARN_CONSTANT_CONVERSION = YES;
				CLANG_WARN_DIRECT_OBJC_ISA_USAGE = YES_ERROR;
				CLANG_WARN_EMPTY_BODY = YES;
				CLANG_WARN_ENUM_CONVERSION = YES;
				CLANG_WARN_INT_CONVERSION = YES;
				CLANG_WARN_OBJC_ROOT_CLASS = YES_ERROR;
				CLANG_WARN_UNREACHABLE_CODE = YES;
				CLANG_WARN__DUPLICATE_METHOD_MATCH = YES;
				"CODE_SIGN_IDENTITY[sdk=iphoneos*]" = "iPhone Developer";
				COPY_PHASE_STRIP = NO;
				DEBUG_INFORMATION_FORMAT = "dwarf-with-dsym";
				ENABLE_STRICT_OBJC_MSGSEND = YES;
				GCC_C_LANGUAGE_STANDARD = gnu99;
				GCC_DYNAMIC_NO_PIC = NO;
				GCC_NO_COMMON_BLOCKS = YES;
				GCC_OPTIMIZATION_LEVEL = 0;
				GCC_PREPROCESSOR_DEFINITIONS = (
					"DEBUG=1",
					"$(inherited)",
				);
				GCC_SYMBOLS_PRIVATE_EXTERN = NO;
				GCC_WARN_64_TO_32_BIT_CONVERSION = YES;
				GCC_WARN_ABOUT_RETURN_TYPE = YES_ERROR;
				GCC_WARN_UNDECLARED_SELECTOR = YES;
				GCC_WARN_UNINITIALIZED_AUTOS = YES_AGGRESSIVE;
				GCC_WARN_UNUSED_FUNCTION = YES;
				GCC_WARN_UNUSED_VARIABLE = YES;
				IPHONEOS_DEPLOYMENT_TARGET = 8.4;
				MTL_ENABLE_DEBUG_INFO = YES;
				ONLY_ACTIVE_ARCH = YES;
				SDKROOT = iphoneos;
				SWIFT_OPTIMIZATION_LEVEL = "-Onone";
			};
			name = Debug;
		};
		8E8BC3491B4DFC87004C1911 /* Release */ = {
			isa = XCBuildConfiguration;
			buildSettings = {
				ALWAYS_SEARCH_USER_PATHS = NO;
				CLANG_CXX_LANGUAGE_STANDARD = "gnu++0x";
				CLANG_CXX_LIBRARY = "libc++";
				CLANG_ENABLE_MODULES = YES;
				CLANG_ENABLE_OBJC_ARC = YES;
				CLANG_WARN_BOOL_CONVERSION = YES;
				CLANG_WARN_CONSTANT_CONVERSION = YES;
				CLANG_WARN_DIRECT_OBJC_ISA_USAGE = YES_ERROR;
				CLANG_WARN_EMPTY_BODY = YES;
				CLANG_WARN_ENUM_CONVERSION = YES;
				CLANG_WARN_INT_CONVERSION = YES;
				CLANG_WARN_OBJC_ROOT_CLASS = YES_ERROR;
				CLANG_WARN_UNREACHABLE_CODE = YES;
				CLANG_WARN__DUPLICATE_METHOD_MATCH = YES;
				"CODE_SIGN_IDENTITY[sdk=iphoneos*]" = "iPhone Developer";
				COPY_PHASE_STRIP = NO;
				DEBUG_INFORMATION_FORMAT = "dwarf-with-dsym";
				ENABLE_NS_ASSERTIONS = NO;
				ENABLE_STRICT_OBJC_MSGSEND = YES;
				GCC_C_LANGUAGE_STANDARD = gnu99;
				GCC_NO_COMMON_BLOCKS = YES;
				GCC_WARN_64_TO_32_BIT_CONVERSION = YES;
				GCC_WARN_ABOUT_RETURN_TYPE = YES_ERROR;
				GCC_WARN_UNDECLARED_SELECTOR = YES;
				GCC_WARN_UNINITIALIZED_AUTOS = YES_AGGRESSIVE;
				GCC_WARN_UNUSED_FUNCTION = YES;
				GCC_WARN_UNUSED_VARIABLE = YES;
				IPHONEOS_DEPLOYMENT_TARGET = 8.4;
				MTL_ENABLE_DEBUG_INFO = NO;
				SDKROOT = iphoneos;
				VALIDATE_PRODUCT = YES;
			};
			name = Release;
		};
		8E8BC34B1B4DFC87004C1911 /* Debug */ = {
			isa = XCBuildConfiguration;
			buildSettings = {
				ASSETCATALOG_COMPILER_APPICON_NAME = AppIcon;
				INFOPLIST_FILE = "Lesson11-SingletonExampleApp/Info.plist";
				LD_RUNPATH_SEARCH_PATHS = "$(inherited) @executable_path/Frameworks";
				PRODUCT_NAME = "$(TARGET_NAME)";
			};
			name = Debug;
		};
		8E8BC34C1B4DFC87004C1911 /* Release */ = {
			isa = XCBuildConfiguration;
			buildSettings = {
				ASSETCATALOG_COMPILER_APPICON_NAME = AppIcon;
				INFOPLIST_FILE = "Lesson11-SingletonExampleApp/Info.plist";
				LD_RUNPATH_SEARCH_PATHS = "$(inherited) @executable_path/Frameworks";
				PRODUCT_NAME = "$(TARGET_NAME)";
			};
			name = Release;
		};
		8E8BC34E1B4DFC87004C1911 /* Debug */ = {
			isa = XCBuildConfiguration;
			buildSettings = {
				BUNDLE_LOADER = "$(TEST_HOST)";
				FRAMEWORK_SEARCH_PATHS = (
					"$(SDKROOT)/Developer/Library/Frameworks",
					"$(inherited)",
				);
				GCC_PREPROCESSOR_DEFINITIONS = (
					"DEBUG=1",
					"$(inherited)",
				);
				INFOPLIST_FILE = "Lesson11-SingletonExampleAppTests/Info.plist";
				LD_RUNPATH_SEARCH_PATHS = "$(inherited) @executable_path/Frameworks @loader_path/Frameworks";
				PRODUCT_NAME = "$(TARGET_NAME)";
				TEST_HOST = "$(BUILT_PRODUCTS_DIR)/Lesson11-SingletonExampleApp.app/Lesson11-SingletonExampleApp";
			};
			name = Debug;
		};
		8E8BC34F1B4DFC87004C1911 /* Release */ = {
			isa = XCBuildConfiguration;
			buildSettings = {
				BUNDLE_LOADER = "$(TEST_HOST)";
				FRAMEWORK_SEARCH_PATHS = (
					"$(SDKROOT)/Developer/Library/Frameworks",
					"$(inherited)",
				);
				INFOPLIST_FILE = "Lesson11-SingletonExampleAppTests/Info.plist";
				LD_RUNPATH_SEARCH_PATHS = "$(inherited) @executable_path/Frameworks @loader_path/Frameworks";
				PRODUCT_NAME = "$(TARGET_NAME)";
				TEST_HOST = "$(BUILT_PRODUCTS_DIR)/Lesson11-SingletonExampleApp.app/Lesson11-SingletonExampleApp";
			};
			name = Release;
		};
/* End XCBuildConfiguration section */

/* Begin XCConfigurationList section */
		8E8BC3261B4DFC87004C1911 /* Build configuration list for PBXProject "Lesson11-SingletonExampleApp" */ = {
			isa = XCConfigurationList;
			buildConfigurations = (
				8E8BC3481B4DFC87004C1911 /* Debug */,
				8E8BC3491B4DFC87004C1911 /* Release */,
			);
			defaultConfigurationIsVisible = 0;
			defaultConfigurationName = Release;
		};
		8E8BC34A1B4DFC87004C1911 /* Build configuration list for PBXNativeTarget "Lesson11-SingletonExampleApp" */ = {
			isa = XCConfigurationList;
			buildConfigurations = (
				8E8BC34B1B4DFC87004C1911 /* Debug */,
				8E8BC34C1B4DFC87004C1911 /* Release */,
			);
			defaultConfigurationIsVisible = 0;
		};
		8E8BC34D1B4DFC87004C1911 /* Build configuration list for PBXNativeTarget "Lesson11-SingletonExampleAppTests" */ = {
			isa = XCConfigurationList;
			buildConfigurations = (
				8E8BC34E1B4DFC87004C1911 /* Debug */,
				8E8BC34F1B4DFC87004C1911 /* Release */,
			);
			defaultConfigurationIsVisible = 0;
		};
/* End XCConfigurationList section */
	};
	rootObject = 8E8BC3231B4DFC87004C1911 /* Project object */;
}
