// !$*UTF8*$!
{
	archiveVersion = 1;
	classes = {
	};
	objectVersion = 46;
	objects = {

/* Begin PBXBuildFile section */
		15138FEA1B3B85F50024EF90 /* AppDelegate.swift in Sources */ = {isa = PBXBuildFile; fileRef = 15138FE91B3B85F50024EF90 /* AppDelegate.swift */; };
		15138FEC1B3B85F50024EF90 /* ViewController.swift in Sources */ = {isa = PBXBuildFile; fileRef = 15138FEB1B3B85F50024EF90 /* ViewController.swift */; };
		15138FEF1B3B85F50024EF90 /* Main.storyboard in Resources */ = {isa = PBXBuildFile; fileRef = 15138FED1B3B85F50024EF90 /* Main.storyboard */; };
		15138FF11B3B85F50024EF90 /* Images.xcassets in Resources */ = {isa = PBXBuildFile; fileRef = 15138FF01B3B85F50024EF90 /* Images.xcassets */; };
		15138FF41B3B85F50024EF90 /* LaunchScreen.xib in Resources */ = {isa = PBXBuildFile; fileRef = 15138FF21B3B85F50024EF90 /* LaunchScreen.xib */; };
		151390001B3B85F50024EF90 /* Lesson7examleTests.swift in Sources */ = {isa = PBXBuildFile; fileRef = 15138FFF1B3B85F50024EF90 /* Lesson7examleTests.swift */; };
/* End PBXBuildFile section */

/* Begin PBXContainerItemProxy section */
		15138FFA1B3B85F50024EF90 /* PBXContainerItemProxy */ = {
			isa = PBXContainerItemProxy;
			containerPortal = 15138FDC1B3B85F50024EF90 /* Project object */;
			proxyType = 1;
			remoteGlobalIDString = 15138FE31B3B85F50024EF90;
			remoteInfo = Lesson7examle;
		};
/* End PBXContainerItemProxy section */

/* Begin PBXFileReference section */
		15138FE41B3B85F50024EF90 /* Lesson7examle.app */ = {isa = PBXFileReference; explicitFileType = wrapper.application; includeInIndex = 0; path = Lesson7examle.app; sourceTree = BUILT_PRODUCTS_DIR; };
		15138FE81B3B85F50024EF90 /* Info.plist */ = {isa = PBXFileReference; lastKnownFileType = text.plist.xml; path = Info.plist; sourceTree = "<group>"; };
		15138FE91B3B85F50024EF90 /* AppDelegate.swift */ = {isa = PBXFileReference; lastKnownFileType = sourcecode.swift; path = AppDelegate.swift; sourceTree = "<group>"; };
		15138FEB1B3B85F50024EF90 /* ViewController.swift */ = {isa = PBXFileReference; lastKnownFileType = sourcecode.swift; path = ViewController.swift; sourceTree = "<group>"; };
		15138FEE1B3B85F50024EF90 /* Base */ = {isa = PBXFileReference; lastKnownFileType = file.storyboard; name = Base; path = Base.lproj/Main.storyboard; sourceTree = "<group>"; };
		15138FF01B3B85F50024EF90 /* Images.xcassets */ = {isa = PBXFileReference; lastKnownFileType = folder.assetcatalog; path = Images.xcassets; sourceTree = "<group>"; };
		15138FF31B3B85F50024EF90 /* Base */ = {isa = PBXFileReference; lastKnownFileType = file.xib; name = Base; path = Base.lproj/LaunchScreen.xib; sourceTree = "<group>"; };
		15138FF91B3B85F50024EF90 /* Lesson7examleTests.xctest */ = {isa = PBXFileReference; explicitFileType = wrapper.cfbundle; includeInIndex = 0; path = Lesson7examleTests.xctest; sourceTree = BUILT_PRODUCTS_DIR; };
		15138FFE1B3B85F50024EF90 /* Info.plist */ = {isa = PBXFileReference; lastKnownFileType = text.plist.xml; path = Info.plist; sourceTree = "<group>"; };
		15138FFF1B3B85F50024EF90 /* Lesson7examleTests.swift */ = {isa = PBXFileReference; lastKnownFileType = sourcecode.swift; path = Lesson7examleTests.swift; sourceTree = "<group>"; };
/* End PBXFileReference section */

/* Begin PBXFrameworksBuildPhase section */
		15138FE11B3B85F50024EF90 /* Frameworks */ = {
			isa = PBXFrameworksBuildPhase;
			buildActionMask = 2147483647;
			files = (
			);
			runOnlyForDeploymentPostprocessing = 0;
		};
		15138FF61B3B85F50024EF90 /* Frameworks */ = {
			isa = PBXFrameworksBuildPhase;
			buildActionMask = 2147483647;
			files = (
			);
			runOnlyForDeploymentPostprocessing = 0;
		};
/* End PBXFrameworksBuildPhase section */

/* Begin PBXGroup section */
		15138FDB1B3B85F50024EF90 = {
			isa = PBXGroup;
			children = (
				15138FE61B3B85F50024EF90 /* Lesson7examle */,
				15138FFC1B3B85F50024EF90 /* Lesson7examleTests */,
				15138FE51B3B85F50024EF90 /* Products */,
			);
			sourceTree = "<group>";
		};
		15138FE51B3B85F50024EF90 /* Products */ = {
			isa = PBXGroup;
			children = (
				15138FE41B3B85F50024EF90 /* Lesson7examle.app */,
				15138FF91B3B85F50024EF90 /* Lesson7examleTests.xctest */,
			);
			name = Products;
			sourceTree = "<group>";
		};
		15138FE61B3B85F50024EF90 /* Lesson7examle */ = {
			isa = PBXGroup;
			children = (
				15138FE91B3B85F50024EF90 /* AppDelegate.swift */,
				15138FEB1B3B85F50024EF90 /* ViewController.swift */,
				15138FED1B3B85F50024EF90 /* Main.storyboard */,
				15138FF01B3B85F50024EF90 /* Images.xcassets */,
				15138FF21B3B85F50024EF90 /* LaunchScreen.xib */,
				15138FE71B3B85F50024EF90 /* Supporting Files */,
			);
			path = Lesson7examle;
			sourceTree = "<group>";
		};
		15138FE71B3B85F50024EF90 /* Supporting Files */ = {
			isa = PBXGroup;
			children = (
				15138FE81B3B85F50024EF90 /* Info.plist */,
			);
			name = "Supporting Files";
			sourceTree = "<group>";
		};
		15138FFC1B3B85F50024EF90 /* Lesson7examleTests */ = {
			isa = PBXGroup;
			children = (
				15138FFF1B3B85F50024EF90 /* Lesson7examleTests.swift */,
				15138FFD1B3B85F50024EF90 /* Supporting Files */,
			);
			path = Lesson7examleTests;
			sourceTree = "<group>";
		};
		15138FFD1B3B85F50024EF90 /* Supporting Files */ = {
			isa = PBXGroup;
			children = (
				15138FFE1B3B85F50024EF90 /* Info.plist */,
			);
			name = "Supporting Files";
			sourceTree = "<group>";
		};
/* End PBXGroup section */

/* Begin PBXNativeTarget section */
		15138FE31B3B85F50024EF90 /* Lesson7examle */ = {
			isa = PBXNativeTarget;
			buildConfigurationList = 151390031B3B85F50024EF90 /* Build configuration list for PBXNativeTarget "Lesson7examle" */;
			buildPhases = (
				15138FE01B3B85F50024EF90 /* Sources */,
				15138FE11B3B85F50024EF90 /* Frameworks */,
				15138FE21B3B85F50024EF90 /* Resources */,
			);
			buildRules = (
			);
			dependencies = (
			);
			name = Lesson7examle;
			productName = Lesson7examle;
			productReference = 15138FE41B3B85F50024EF90 /* Lesson7examle.app */;
			productType = "com.apple.product-type.application";
		};
		15138FF81B3B85F50024EF90 /* Lesson7examleTests */ = {
			isa = PBXNativeTarget;
			buildConfigurationList = 151390061B3B85F50024EF90 /* Build configuration list for PBXNativeTarget "Lesson7examleTests" */;
			buildPhases = (
				15138FF51B3B85F50024EF90 /* Sources */,
				15138FF61B3B85F50024EF90 /* Frameworks */,
				15138FF71B3B85F50024EF90 /* Resources */,
			);
			buildRules = (
			);
			dependencies = (
				15138FFB1B3B85F50024EF90 /* PBXTargetDependency */,
			);
			name = Lesson7examleTests;
			productName = Lesson7examleTests;
			productReference = 15138FF91B3B85F50024EF90 /* Lesson7examleTests.xctest */;
			productType = "com.apple.product-type.bundle.unit-test";
		};
/* End PBXNativeTarget section */

/* Begin PBXProject section */
		15138FDC1B3B85F50024EF90 /* Project object */ = {
			isa = PBXProject;
			attributes = {
				LastUpgradeCheck = 0630;
				ORGANIZATIONNAME = "Roy Harrington Jr.";
				TargetAttributes = {
					15138FE31B3B85F50024EF90 = {
						CreatedOnToolsVersion = 6.3.2;
					};
					15138FF81B3B85F50024EF90 = {
						CreatedOnToolsVersion = 6.3.2;
						TestTargetID = 15138FE31B3B85F50024EF90;
					};
				};
			};
			buildConfigurationList = 15138FDF1B3B85F50024EF90 /* Build configuration list for PBXProject "Lesson7examle" */;
			compatibilityVersion = "Xcode 3.2";
			developmentRegion = English;
			hasScannedForEncodings = 0;
			knownRegions = (
				en,
				Base,
			);
			mainGroup = 15138FDB1B3B85F50024EF90;
			productRefGroup = 15138FE51B3B85F50024EF90 /* Products */;
			projectDirPath = "";
			projectRoot = "";
			targets = (
				15138FE31B3B85F50024EF90 /* Lesson7examle */,
				15138FF81B3B85F50024EF90 /* Lesson7examleTests */,
			);
		};
/* End PBXProject section */

/* Begin PBXResourcesBuildPhase section */
		15138FE21B3B85F50024EF90 /* Resources */ = {
			isa = PBXResourcesBuildPhase;
			buildActionMask = 2147483647;
			files = (
				15138FEF1B3B85F50024EF90 /* Main.storyboard in Resources */,
				15138FF41B3B85F50024EF90 /* LaunchScreen.xib in Resources */,
				15138FF11B3B85F50024EF90 /* Images.xcassets in Resources */,
			);
			runOnlyForDeploymentPostprocessing = 0;
		};
		15138FF71B3B85F50024EF90 /* Resources */ = {
			isa = PBXResourcesBuildPhase;
			buildActionMask = 2147483647;
			files = (
			);
			runOnlyForDeploymentPostprocessing = 0;
		};
/* End PBXResourcesBuildPhase section */

/* Begin PBXSourcesBuildPhase section */
		15138FE01B3B85F50024EF90 /* Sources */ = {
			isa = PBXSourcesBuildPhase;
			buildActionMask = 2147483647;
			files = (
				15138FEC1B3B85F50024EF90 /* ViewController.swift in Sources */,
				15138FEA1B3B85F50024EF90 /* AppDelegate.swift in Sources */,
			);
			runOnlyForDeploymentPostprocessing = 0;
		};
		15138FF51B3B85F50024EF90 /* Sources */ = {
			isa = PBXSourcesBuildPhase;
			buildActionMask = 2147483647;
			files = (
				151390001B3B85F50024EF90 /* Lesson7examleTests.swift in Sources */,
			);
			runOnlyForDeploymentPostprocessing = 0;
		};
/* End PBXSourcesBuildPhase section */

/* Begin PBXTargetDependency section */
		15138FFB1B3B85F50024EF90 /* PBXTargetDependency */ = {
			isa = PBXTargetDependency;
			target = 15138FE31B3B85F50024EF90 /* Lesson7examle */;
			targetProxy = 15138FFA1B3B85F50024EF90 /* PBXContainerItemProxy */;
		};
/* End PBXTargetDependency section */

/* Begin PBXVariantGroup section */
		15138FED1B3B85F50024EF90 /* Main.storyboard */ = {
			isa = PBXVariantGroup;
			children = (
				15138FEE1B3B85F50024EF90 /* Base */,
			);
			name = Main.storyboard;
			sourceTree = "<group>";
		};
		15138FF21B3B85F50024EF90 /* LaunchScreen.xib */ = {
			isa = PBXVariantGroup;
			children = (
				15138FF31B3B85F50024EF90 /* Base */,
			);
			name = LaunchScreen.xib;
			sourceTree = "<group>";
		};
/* End PBXVariantGroup section */

/* Begin XCBuildConfiguration section */
		151390011B3B85F50024EF90 /* Debug */ = {
			isa = XCBuildConfiguration;
			buildSettings = {
				ALWAYS_SEARCH_USER_PATHS = NO;
				CLANG_CXX_LANGUAGE_STANDARD = "gnu++0x";
				CLANG_CXX_LIBRARY = "libc++";
				CLANG_ENABLE_MODULES = YES;
				CLANG_ENABLE_OBJC_ARC = YES;
				CLANG_WARN_BOOL_CONVERSION = YES;
				CLANG_WARN_CONSTANT_CONVERSION = YES;
				CLANG_WARN_DIRECT_OBJC_ISA_USAGE = YES_ERROR;
				CLANG_WARN_EMPTY_BODY = YES;
				CLANG_WARN_ENUM_CONVERSION = YES;
				CLANG_WARN_INT_CONVERSION = YES;
				CLANG_WARN_OBJC_ROOT_CLASS = YES_ERROR;
				CLANG_WARN_UNREACHABLE_CODE = YES;
				CLANG_WARN__DUPLICATE_METHOD_MATCH = YES;
				"CODE_SIGN_IDENTITY[sdk=iphoneos*]" = "iPhone Developer";
				COPY_PHASE_STRIP = NO;
				DEBUG_INFORMATION_FORMAT = "dwarf-with-dsym";
				ENABLE_STRICT_OBJC_MSGSEND = YES;
				GCC_C_LANGUAGE_STANDARD = gnu99;
				GCC_DYNAMIC_NO_PIC = NO;
				GCC_NO_COMMON_BLOCKS = YES;
				GCC_OPTIMIZATION_LEVEL = 0;
				GCC_PREPROCESSOR_DEFINITIONS = (
					"DEBUG=1",
					"$(inherited)",
				);
				GCC_SYMBOLS_PRIVATE_EXTERN = NO;
				GCC_WARN_64_TO_32_BIT_CONVERSION = YES;
				GCC_WARN_ABOUT_RETURN_TYPE = YES_ERROR;
				GCC_WARN_UNDECLARED_SELECTOR = YES;
				GCC_WARN_UNINITIALIZED_AUTOS = YES_AGGRESSIVE;
				GCC_WARN_UNUSED_FUNCTION = YES;
				GCC_WARN_UNUSED_VARIABLE = YES;
				IPHONEOS_DEPLOYMENT_TARGET = 8.3;
				MTL_ENABLE_DEBUG_INFO = YES;
				ONLY_ACTIVE_ARCH = YES;
				SDKROOT = iphoneos;
				SWIFT_OPTIMIZATION_LEVEL = "-Onone";
			};
			name = Debug;
		};
		151390021B3B85F50024EF90 /* Release */ = {
			isa = XCBuildConfiguration;
			buildSettings = {
				ALWAYS_SEARCH_USER_PATHS = NO;
				CLANG_CXX_LANGUAGE_STANDARD = "gnu++0x";
				CLANG_CXX_LIBRARY = "libc++";
				CLANG_ENABLE_MODULES = YES;
				CLANG_ENABLE_OBJC_ARC = YES;
				CLANG_WARN_BOOL_CONVERSION = YES;
				CLANG_WARN_CONSTANT_CONVERSION = YES;
				CLANG_WARN_DIRECT_OBJC_ISA_USAGE = YES_ERROR;
				CLANG_WARN_EMPTY_BODY = YES;
				CLANG_WARN_ENUM_CONVERSION = YES;
				CLANG_WARN_INT_CONVERSION = YES;
				CLANG_WARN_OBJC_ROOT_CLASS = YES_ERROR;
				CLANG_WARN_UNREACHABLE_CODE = YES;
				CLANG_WARN__DUPLICATE_METHOD_MATCH = YES;
				"CODE_SIGN_IDENTITY[sdk=iphoneos*]" = "iPhone Developer";
				COPY_PHASE_STRIP = NO;
				DEBUG_INFORMATION_FORMAT = "dwarf-with-dsym";
				ENABLE_NS_ASSERTIONS = NO;
				ENABLE_STRICT_OBJC_MSGSEND = YES;
				GCC_C_LANGUAGE_STANDARD = gnu99;
				GCC_NO_COMMON_BLOCKS = YES;
				GCC_WARN_64_TO_32_BIT_CONVERSION = YES;
				GCC_WARN_ABOUT_RETURN_TYPE = YES_ERROR;
				GCC_WARN_UNDECLARED_SELECTOR = YES;
				GCC_WARN_UNINITIALIZED_AUTOS = YES_AGGRESSIVE;
				GCC_WARN_UNUSED_FUNCTION = YES;
				GCC_WARN_UNUSED_VARIABLE = YES;
				IPHONEOS_DEPLOYMENT_TARGET = 8.3;
				MTL_ENABLE_DEBUG_INFO = NO;
				SDKROOT = iphoneos;
				VALIDATE_PRODUCT = YES;
			};
			name = Release;
		};
		151390041B3B85F50024EF90 /* Debug */ = {
			isa = XCBuildConfiguration;
			buildSettings = {
				ASSETCATALOG_COMPILER_APPICON_NAME = AppIcon;
				INFOPLIST_FILE = Lesson7examle/Info.plist;
				LD_RUNPATH_SEARCH_PATHS = "$(inherited) @executable_path/Frameworks";
				PRODUCT_NAME = "$(TARGET_NAME)";
			};
			name = Debug;
		};
		151390051B3B85F50024EF90 /* Release */ = {
			isa = XCBuildConfiguration;
			buildSettings = {
				ASSETCATALOG_COMPILER_APPICON_NAME = AppIcon;
				INFOPLIST_FILE = Lesson7examle/Info.plist;
				LD_RUNPATH_SEARCH_PATHS = "$(inherited) @executable_path/Frameworks";
				PRODUCT_NAME = "$(TARGET_NAME)";
			};
			name = Release;
		};
		151390071B3B85F50024EF90 /* Debug */ = {
			isa = XCBuildConfiguration;
			buildSettings = {
				BUNDLE_LOADER = "$(TEST_HOST)";
				FRAMEWORK_SEARCH_PATHS = (
					"$(SDKROOT)/Developer/Library/Frameworks",
					"$(inherited)",
				);
				GCC_PREPROCESSOR_DEFINITIONS = (
					"DEBUG=1",
					"$(inherited)",
				);
				INFOPLIST_FILE = Lesson7examleTests/Info.plist;
				LD_RUNPATH_SEARCH_PATHS = "$(inherited) @executable_path/Frameworks @loader_path/Frameworks";
				PRODUCT_NAME = "$(TARGET_NAME)";
				TEST_HOST = "$(BUILT_PRODUCTS_DIR)/Lesson7examle.app/Lesson7examle";
			};
			name = Debug;
		};
		151390081B3B85F50024EF90 /* Release */ = {
			isa = XCBuildConfiguration;
			buildSettings = {
				BUNDLE_LOADER = "$(TEST_HOST)";
				FRAMEWORK_SEARCH_PATHS = (
					"$(SDKROOT)/Developer/Library/Frameworks",
					"$(inherited)",
				);
				INFOPLIST_FILE = Lesson7examleTests/Info.plist;
				LD_RUNPATH_SEARCH_PATHS = "$(inherited) @executable_path/Frameworks @loader_path/Frameworks";
				PRODUCT_NAME = "$(TARGET_NAME)";
				TEST_HOST = "$(BUILT_PRODUCTS_DIR)/Lesson7examle.app/Lesson7examle";
			};
			name = Release;
		};
/* End XCBuildConfiguration section */

/* Begin XCConfigurationList section */
		15138FDF1B3B85F50024EF90 /* Build configuration list for PBXProject "Lesson7examle" */ = {
			isa = XCConfigurationList;
			buildConfigurations = (
				151390011B3B85F50024EF90 /* Debug */,
				151390021B3B85F50024EF90 /* Release */,
			);
			defaultConfigurationIsVisible = 0;
			defaultConfigurationName = Release;
		};
		151390031B3B85F50024EF90 /* Build configuration list for PBXNativeTarget "Lesson7examle" */ = {
			isa = XCConfigurationList;
			buildConfigurations = (
				151390041B3B85F50024EF90 /* Debug */,
				151390051B3B85F50024EF90 /* Release */,
			);
			defaultConfigurationIsVisible = 0;
		};
		151390061B3B85F50024EF90 /* Build configuration list for PBXNativeTarget "Lesson7examleTests" */ = {
			isa = XCConfigurationList;
			buildConfigurations = (
				151390071B3B85F50024EF90 /* Debug */,
				151390081B3B85F50024EF90 /* Release */,
			);
			defaultConfigurationIsVisible = 0;
		};
/* End XCConfigurationList section */
	};
	rootObject = 15138FDC1B3B85F50024EF90 /* Project object */;
}
