// !$*UTF8*$!
{
	archiveVersion = 1;
	classes = {
	};
	objectVersion = 46;
	objects = {

/* Begin PBXBuildFile section */
		8E7C7C121B3B5E2F00A1CD11 /* AppDelegate.swift in Sources */ = {isa = PBXBuildFile; fileRef = 8E7C7C111B3B5E2F00A1CD11 /* AppDelegate.swift */; };
		8E7C7C141B3B5E2F00A1CD11 /* FirstViewController.swift in Sources */ = {isa = PBXBuildFile; fileRef = 8E7C7C131B3B5E2F00A1CD11 /* FirstViewController.swift */; };
		8E7C7C161B3B5E2F00A1CD11 /* SecondViewController.swift in Sources */ = {isa = PBXBuildFile; fileRef = 8E7C7C151B3B5E2F00A1CD11 /* SecondViewController.swift */; };
		8E7C7C191B3B5E2F00A1CD11 /* Main.storyboard in Resources */ = {isa = PBXBuildFile; fileRef = 8E7C7C171B3B5E2F00A1CD11 /* Main.storyboard */; };
		8E7C7C1B1B3B5E2F00A1CD11 /* Images.xcassets in Resources */ = {isa = PBXBuildFile; fileRef = 8E7C7C1A1B3B5E2F00A1CD11 /* Images.xcassets */; };
		8E7C7C1E1B3B5E2F00A1CD11 /* LaunchScreen.xib in Resources */ = {isa = PBXBuildFile; fileRef = 8E7C7C1C1B3B5E2F00A1CD11 /* LaunchScreen.xib */; };
		8E7C7C2A1B3B5E2F00A1CD11 /* LifecycleTabbedExampleTests.swift in Sources */ = {isa = PBXBuildFile; fileRef = 8E7C7C291B3B5E2F00A1CD11 /* LifecycleTabbedExampleTests.swift */; };
/* End PBXBuildFile section */

/* Begin PBXContainerItemProxy section */
		8E7C7C241B3B5E2F00A1CD11 /* PBXContainerItemProxy */ = {
			isa = PBXContainerItemProxy;
			containerPortal = 8E7C7C041B3B5E2F00A1CD11 /* Project object */;
			proxyType = 1;
			remoteGlobalIDString = 8E7C7C0B1B3B5E2F00A1CD11;
			remoteInfo = LifecycleTabbedExample;
		};
/* End PBXContainerItemProxy section */

/* Begin PBXFileReference section */
		8E7C7C0C1B3B5E2F00A1CD11 /* LifecycleTabbedExample.app */ = {isa = PBXFileReference; explicitFileType = wrapper.application; includeInIndex = 0; path = LifecycleTabbedExample.app; sourceTree = BUILT_PRODUCTS_DIR; };
		8E7C7C101B3B5E2F00A1CD11 /* Info.plist */ = {isa = PBXFileReference; lastKnownFileType = text.plist.xml; path = Info.plist; sourceTree = "<group>"; };
		8E7C7C111B3B5E2F00A1CD11 /* AppDelegate.swift */ = {isa = PBXFileReference; lastKnownFileType = sourcecode.swift; path = AppDelegate.swift; sourceTree = "<group>"; };
		8E7C7C131B3B5E2F00A1CD11 /* FirstViewController.swift */ = {isa = PBXFileReference; lastKnownFileType = sourcecode.swift; path = FirstViewController.swift; sourceTree = "<group>"; };
		8E7C7C151B3B5E2F00A1CD11 /* SecondViewController.swift */ = {isa = PBXFileReference; lastKnownFileType = sourcecode.swift; path = SecondViewController.swift; sourceTree = "<group>"; };
		8E7C7C181B3B5E2F00A1CD11 /* Base */ = {isa = PBXFileReference; lastKnownFileType = file.storyboard; name = Base; path = Base.lproj/Main.storyboard; sourceTree = "<group>"; };
		8E7C7C1A1B3B5E2F00A1CD11 /* Images.xcassets */ = {isa = PBXFileReference; lastKnownFileType = folder.assetcatalog; path = Images.xcassets; sourceTree = "<group>"; };
		8E7C7C1D1B3B5E2F00A1CD11 /* Base */ = {isa = PBXFileReference; lastKnownFileType = file.xib; name = Base; path = Base.lproj/LaunchScreen.xib; sourceTree = "<group>"; };
		8E7C7C231B3B5E2F00A1CD11 /* LifecycleTabbedExampleTests.xctest */ = {isa = PBXFileReference; explicitFileType = wrapper.cfbundle; includeInIndex = 0; path = LifecycleTabbedExampleTests.xctest; sourceTree = BUILT_PRODUCTS_DIR; };
		8E7C7C281B3B5E2F00A1CD11 /* Info.plist */ = {isa = PBXFileReference; lastKnownFileType = text.plist.xml; path = Info.plist; sourceTree = "<group>"; };
		8E7C7C291B3B5E2F00A1CD11 /* LifecycleTabbedExampleTests.swift */ = {isa = PBXFileReference; lastKnownFileType = sourcecode.swift; path = LifecycleTabbedExampleTests.swift; sourceTree = "<group>"; };
/* End PBXFileReference section */

/* Begin PBXFrameworksBuildPhase section */
		8E7C7C091B3B5E2F00A1CD11 /* Frameworks */ = {
			isa = PBXFrameworksBuildPhase;
			buildActionMask = 2147483647;
			files = (
			);
			runOnlyForDeploymentPostprocessing = 0;
		};
		8E7C7C201B3B5E2F00A1CD11 /* Frameworks */ = {
			isa = PBXFrameworksBuildPhase;
			buildActionMask = 2147483647;
			files = (
			);
			runOnlyForDeploymentPostprocessing = 0;
		};
/* End PBXFrameworksBuildPhase section */

/* Begin PBXGroup section */
		8E7C7C031B3B5E2F00A1CD11 = {
			isa = PBXGroup;
			children = (
				8E7C7C0E1B3B5E2F00A1CD11 /* LifecycleTabbedExample */,
				8E7C7C261B3B5E2F00A1CD11 /* LifecycleTabbedExampleTests */,
				8E7C7C0D1B3B5E2F00A1CD11 /* Products */,
			);
			sourceTree = "<group>";
		};
		8E7C7C0D1B3B5E2F00A1CD11 /* Products */ = {
			isa = PBXGroup;
			children = (
				8E7C7C0C1B3B5E2F00A1CD11 /* LifecycleTabbedExample.app */,
				8E7C7C231B3B5E2F00A1CD11 /* LifecycleTabbedExampleTests.xctest */,
			);
			name = Products;
			sourceTree = "<group>";
		};
		8E7C7C0E1B3B5E2F00A1CD11 /* LifecycleTabbedExample */ = {
			isa = PBXGroup;
			children = (
				8E7C7C111B3B5E2F00A1CD11 /* AppDelegate.swift */,
				8E7C7C131B3B5E2F00A1CD11 /* FirstViewController.swift */,
				8E7C7C151B3B5E2F00A1CD11 /* SecondViewController.swift */,
				8E7C7C171B3B5E2F00A1CD11 /* Main.storyboard */,
				8E7C7C1A1B3B5E2F00A1CD11 /* Images.xcassets */,
				8E7C7C1C1B3B5E2F00A1CD11 /* LaunchScreen.xib */,
				8E7C7C0F1B3B5E2F00A1CD11 /* Supporting Files */,
			);
			path = LifecycleTabbedExample;
			sourceTree = "<group>";
		};
		8E7C7C0F1B3B5E2F00A1CD11 /* Supporting Files */ = {
			isa = PBXGroup;
			children = (
				8E7C7C101B3B5E2F00A1CD11 /* Info.plist */,
			);
			name = "Supporting Files";
			sourceTree = "<group>";
		};
		8E7C7C261B3B5E2F00A1CD11 /* LifecycleTabbedExampleTests */ = {
			isa = PBXGroup;
			children = (
				8E7C7C291B3B5E2F00A1CD11 /* LifecycleTabbedExampleTests.swift */,
				8E7C7C271B3B5E2F00A1CD11 /* Supporting Files */,
			);
			path = LifecycleTabbedExampleTests;
			sourceTree = "<group>";
		};
		8E7C7C271B3B5E2F00A1CD11 /* Supporting Files */ = {
			isa = PBXGroup;
			children = (
				8E7C7C281B3B5E2F00A1CD11 /* Info.plist */,
			);
			name = "Supporting Files";
			sourceTree = "<group>";
		};
/* End PBXGroup section */

/* Begin PBXNativeTarget section */
		8E7C7C0B1B3B5E2F00A1CD11 /* LifecycleTabbedExample */ = {
			isa = PBXNativeTarget;
			buildConfigurationList = 8E7C7C2D1B3B5E2F00A1CD11 /* Build configuration list for PBXNativeTarget "LifecycleTabbedExample" */;
			buildPhases = (
				8E7C7C081B3B5E2F00A1CD11 /* Sources */,
				8E7C7C091B3B5E2F00A1CD11 /* Frameworks */,
				8E7C7C0A1B3B5E2F00A1CD11 /* Resources */,
			);
			buildRules = (
			);
			dependencies = (
			);
			name = LifecycleTabbedExample;
			productName = LifecycleTabbedExample;
			productReference = 8E7C7C0C1B3B5E2F00A1CD11 /* LifecycleTabbedExample.app */;
			productType = "com.apple.product-type.application";
		};
		8E7C7C221B3B5E2F00A1CD11 /* LifecycleTabbedExampleTests */ = {
			isa = PBXNativeTarget;
			buildConfigurationList = 8E7C7C301B3B5E2F00A1CD11 /* Build configuration list for PBXNativeTarget "LifecycleTabbedExampleTests" */;
			buildPhases = (
				8E7C7C1F1B3B5E2F00A1CD11 /* Sources */,
				8E7C7C201B3B5E2F00A1CD11 /* Frameworks */,
				8E7C7C211B3B5E2F00A1CD11 /* Resources */,
			);
			buildRules = (
			);
			dependencies = (
				8E7C7C251B3B5E2F00A1CD11 /* PBXTargetDependency */,
			);
			name = LifecycleTabbedExampleTests;
			productName = LifecycleTabbedExampleTests;
			productReference = 8E7C7C231B3B5E2F00A1CD11 /* LifecycleTabbedExampleTests.xctest */;
			productType = "com.apple.product-type.bundle.unit-test";
		};
/* End PBXNativeTarget section */

/* Begin PBXProject section */
		8E7C7C041B3B5E2F00A1CD11 /* Project object */ = {
			isa = PBXProject;
			attributes = {
				LastUpgradeCheck = 0640;
				ORGANIZATIONNAME = "Arthur Ariel Sabintsev";
				TargetAttributes = {
					8E7C7C0B1B3B5E2F00A1CD11 = {
						CreatedOnToolsVersion = 6.3.2;
					};
					8E7C7C221B3B5E2F00A1CD11 = {
						CreatedOnToolsVersion = 6.3.2;
						TestTargetID = 8E7C7C0B1B3B5E2F00A1CD11;
					};
				};
			};
			buildConfigurationList = 8E7C7C071B3B5E2F00A1CD11 /* Build configuration list for PBXProject "LifecycleTabbedExample" */;
			compatibilityVersion = "Xcode 3.2";
			developmentRegion = English;
			hasScannedForEncodings = 0;
			knownRegions = (
				en,
				Base,
			);
			mainGroup = 8E7C7C031B3B5E2F00A1CD11;
			productRefGroup = 8E7C7C0D1B3B5E2F00A1CD11 /* Products */;
			projectDirPath = "";
			projectRoot = "";
			targets = (
				8E7C7C0B1B3B5E2F00A1CD11 /* LifecycleTabbedExample */,
				8E7C7C221B3B5E2F00A1CD11 /* LifecycleTabbedExampleTests */,
			);
		};
/* End PBXProject section */

/* Begin PBXResourcesBuildPhase section */
		8E7C7C0A1B3B5E2F00A1CD11 /* Resources */ = {
			isa = PBXResourcesBuildPhase;
			buildActionMask = 2147483647;
			files = (
				8E7C7C191B3B5E2F00A1CD11 /* Main.storyboard in Resources */,
				8E7C7C1E1B3B5E2F00A1CD11 /* LaunchScreen.xib in Resources */,
				8E7C7C1B1B3B5E2F00A1CD11 /* Images.xcassets in Resources */,
			);
			runOnlyForDeploymentPostprocessing = 0;
		};
		8E7C7C211B3B5E2F00A1CD11 /* Resources */ = {
			isa = PBXResourcesBuildPhase;
			buildActionMask = 2147483647;
			files = (
			);
			runOnlyForDeploymentPostprocessing = 0;
		};
/* End PBXResourcesBuildPhase section */

/* Begin PBXSourcesBuildPhase section */
		8E7C7C081B3B5E2F00A1CD11 /* Sources */ = {
			isa = PBXSourcesBuildPhase;
			buildActionMask = 2147483647;
			files = (
				8E7C7C161B3B5E2F00A1CD11 /* SecondViewController.swift in Sources */,
				8E7C7C121B3B5E2F00A1CD11 /* AppDelegate.swift in Sources */,
				8E7C7C141B3B5E2F00A1CD11 /* FirstViewController.swift in Sources */,
			);
			runOnlyForDeploymentPostprocessing = 0;
		};
		8E7C7C1F1B3B5E2F00A1CD11 /* Sources */ = {
			isa = PBXSourcesBuildPhase;
			buildActionMask = 2147483647;
			files = (
				8E7C7C2A1B3B5E2F00A1CD11 /* LifecycleTabbedExampleTests.swift in Sources */,
			);
			runOnlyForDeploymentPostprocessing = 0;
		};
/* End PBXSourcesBuildPhase section */

/* Begin PBXTargetDependency section */
		8E7C7C251B3B5E2F00A1CD11 /* PBXTargetDependency */ = {
			isa = PBXTargetDependency;
			target = 8E7C7C0B1B3B5E2F00A1CD11 /* LifecycleTabbedExample */;
			targetProxy = 8E7C7C241B3B5E2F00A1CD11 /* PBXContainerItemProxy */;
		};
/* End PBXTargetDependency section */

/* Begin PBXVariantGroup section */
		8E7C7C171B3B5E2F00A1CD11 /* Main.storyboard */ = {
			isa = PBXVariantGroup;
			children = (
				8E7C7C181B3B5E2F00A1CD11 /* Base */,
			);
			name = Main.storyboard;
			sourceTree = "<group>";
		};
		8E7C7C1C1B3B5E2F00A1CD11 /* LaunchScreen.xib */ = {
			isa = PBXVariantGroup;
			children = (
				8E7C7C1D1B3B5E2F00A1CD11 /* Base */,
			);
			name = LaunchScreen.xib;
			sourceTree = "<group>";
		};
/* End PBXVariantGroup section */

/* Begin XCBuildConfiguration section */
		8E7C7C2B1B3B5E2F00A1CD11 /* Debug */ = {
			isa = XCBuildConfiguration;
			buildSettings = {
				ALWAYS_SEARCH_USER_PATHS = NO;
				CLANG_CXX_LANGUAGE_STANDARD = "gnu++0x";
				CLANG_CXX_LIBRARY = "libc++";
				CLANG_ENABLE_MODULES = YES;
				CLANG_ENABLE_OBJC_ARC = YES;
				CLANG_WARN_BOOL_CONVERSION = YES;
				CLANG_WARN_CONSTANT_CONVERSION = YES;
				CLANG_WARN_DIRECT_OBJC_ISA_USAGE = YES_ERROR;
				CLANG_WARN_EMPTY_BODY = YES;
				CLANG_WARN_ENUM_CONVERSION = YES;
				CLANG_WARN_INT_CONVERSION = YES;
				CLANG_WARN_OBJC_ROOT_CLASS = YES_ERROR;
				CLANG_WARN_UNREACHABLE_CODE = YES;
				CLANG_WARN__DUPLICATE_METHOD_MATCH = YES;
				"CODE_SIGN_IDENTITY[sdk=iphoneos*]" = "iPhone Developer";
				COPY_PHASE_STRIP = NO;
				DEBUG_INFORMATION_FORMAT = "dwarf-with-dsym";
				ENABLE_STRICT_OBJC_MSGSEND = YES;
				GCC_C_LANGUAGE_STANDARD = gnu99;
				GCC_DYNAMIC_NO_PIC = NO;
				GCC_NO_COMMON_BLOCKS = YES;
				GCC_OPTIMIZATION_LEVEL = 0;
				GCC_PREPROCESSOR_DEFINITIONS = (
					"DEBUG=1",
					"$(inherited)",
				);
				GCC_SYMBOLS_PRIVATE_EXTERN = NO;
				GCC_WARN_64_TO_32_BIT_CONVERSION = YES;
				GCC_WARN_ABOUT_RETURN_TYPE = YES_ERROR;
				GCC_WARN_UNDECLARED_SELECTOR = YES;
				GCC_WARN_UNINITIALIZED_AUTOS = YES_AGGRESSIVE;
				GCC_WARN_UNUSED_FUNCTION = YES;
				GCC_WARN_UNUSED_VARIABLE = YES;
				IPHONEOS_DEPLOYMENT_TARGET = 8.3;
				MTL_ENABLE_DEBUG_INFO = YES;
				ONLY_ACTIVE_ARCH = YES;
				SDKROOT = iphoneos;
				SWIFT_OPTIMIZATION_LEVEL = "-Onone";
			};
			name = Debug;
		};
		8E7C7C2C1B3B5E2F00A1CD11 /* Release */ = {
			isa = XCBuildConfiguration;
			buildSettings = {
				ALWAYS_SEARCH_USER_PATHS = NO;
				CLANG_CXX_LANGUAGE_STANDARD = "gnu++0x";
				CLANG_CXX_LIBRARY = "libc++";
				CLANG_ENABLE_MODULES = YES;
				CLANG_ENABLE_OBJC_ARC = YES;
				CLANG_WARN_BOOL_CONVERSION = YES;
				CLANG_WARN_CONSTANT_CONVERSION = YES;
				CLANG_WARN_DIRECT_OBJC_ISA_USAGE = YES_ERROR;
				CLANG_WARN_EMPTY_BODY = YES;
				CLANG_WARN_ENUM_CONVERSION = YES;
				CLANG_WARN_INT_CONVERSION = YES;
				CLANG_WARN_OBJC_ROOT_CLASS = YES_ERROR;
				CLANG_WARN_UNREACHABLE_CODE = YES;
				CLANG_WARN__DUPLICATE_METHOD_MATCH = YES;
				"CODE_SIGN_IDENTITY[sdk=iphoneos*]" = "iPhone Developer";
				COPY_PHASE_STRIP = NO;
				DEBUG_INFORMATION_FORMAT = "dwarf-with-dsym";
				ENABLE_NS_ASSERTIONS = NO;
				ENABLE_STRICT_OBJC_MSGSEND = YES;
				GCC_C_LANGUAGE_STANDARD = gnu99;
				GCC_NO_COMMON_BLOCKS = YES;
				GCC_WARN_64_TO_32_BIT_CONVERSION = YES;
				GCC_WARN_ABOUT_RETURN_TYPE = YES_ERROR;
				GCC_WARN_UNDECLARED_SELECTOR = YES;
				GCC_WARN_UNINITIALIZED_AUTOS = YES_AGGRESSIVE;
				GCC_WARN_UNUSED_FUNCTION = YES;
				GCC_WARN_UNUSED_VARIABLE = YES;
				IPHONEOS_DEPLOYMENT_TARGET = 8.3;
				MTL_ENABLE_DEBUG_INFO = NO;
				SDKROOT = iphoneos;
				VALIDATE_PRODUCT = YES;
			};
			name = Release;
		};
		8E7C7C2E1B3B5E2F00A1CD11 /* Debug */ = {
			isa = XCBuildConfiguration;
			buildSettings = {
				ASSETCATALOG_COMPILER_APPICON_NAME = AppIcon;
				INFOPLIST_FILE = LifecycleTabbedExample/Info.plist;
				LD_RUNPATH_SEARCH_PATHS = "$(inherited) @executable_path/Frameworks";
				PRODUCT_NAME = "$(TARGET_NAME)";
			};
			name = Debug;
		};
		8E7C7C2F1B3B5E2F00A1CD11 /* Release */ = {
			isa = XCBuildConfiguration;
			buildSettings = {
				ASSETCATALOG_COMPILER_APPICON_NAME = AppIcon;
				INFOPLIST_FILE = LifecycleTabbedExample/Info.plist;
				LD_RUNPATH_SEARCH_PATHS = "$(inherited) @executable_path/Frameworks";
				PRODUCT_NAME = "$(TARGET_NAME)";
			};
			name = Release;
		};
		8E7C7C311B3B5E2F00A1CD11 /* Debug */ = {
			isa = XCBuildConfiguration;
			buildSettings = {
				BUNDLE_LOADER = "$(TEST_HOST)";
				FRAMEWORK_SEARCH_PATHS = (
					"$(SDKROOT)/Developer/Library/Frameworks",
					"$(inherited)",
				);
				GCC_PREPROCESSOR_DEFINITIONS = (
					"DEBUG=1",
					"$(inherited)",
				);
				INFOPLIST_FILE = LifecycleTabbedExampleTests/Info.plist;
				LD_RUNPATH_SEARCH_PATHS = "$(inherited) @executable_path/Frameworks @loader_path/Frameworks";
				PRODUCT_NAME = "$(TARGET_NAME)";
				TEST_HOST = "$(BUILT_PRODUCTS_DIR)/LifecycleTabbedExample.app/LifecycleTabbedExample";
			};
			name = Debug;
		};
		8E7C7C321B3B5E2F00A1CD11 /* Release */ = {
			isa = XCBuildConfiguration;
			buildSettings = {
				BUNDLE_LOADER = "$(TEST_HOST)";
				FRAMEWORK_SEARCH_PATHS = (
					"$(SDKROOT)/Developer/Library/Frameworks",
					"$(inherited)",
				);
				INFOPLIST_FILE = LifecycleTabbedExampleTests/Info.plist;
				LD_RUNPATH_SEARCH_PATHS = "$(inherited) @executable_path/Frameworks @loader_path/Frameworks";
				PRODUCT_NAME = "$(TARGET_NAME)";
				TEST_HOST = "$(BUILT_PRODUCTS_DIR)/LifecycleTabbedExample.app/LifecycleTabbedExample";
			};
			name = Release;
		};
/* End XCBuildConfiguration section */

/* Begin XCConfigurationList section */
		8E7C7C071B3B5E2F00A1CD11 /* Build configuration list for PBXProject "LifecycleTabbedExample" */ = {
			isa = XCConfigurationList;
			buildConfigurations = (
				8E7C7C2B1B3B5E2F00A1CD11 /* Debug */,
				8E7C7C2C1B3B5E2F00A1CD11 /* Release */,
			);
			defaultConfigurationIsVisible = 0;
			defaultConfigurationName = Release;
		};
		8E7C7C2D1B3B5E2F00A1CD11 /* Build configuration list for PBXNativeTarget "LifecycleTabbedExample" */ = {
			isa = XCConfigurationList;
			buildConfigurations = (
				8E7C7C2E1B3B5E2F00A1CD11 /* Debug */,
				8E7C7C2F1B3B5E2F00A1CD11 /* Release */,
			);
			defaultConfigurationIsVisible = 0;
		};
		8E7C7C301B3B5E2F00A1CD11 /* Build configuration list for PBXNativeTarget "LifecycleTabbedExampleTests" */ = {
			isa = XCConfigurationList;
			buildConfigurations = (
				8E7C7C311B3B5E2F00A1CD11 /* Debug */,
				8E7C7C321B3B5E2F00A1CD11 /* Release */,
			);
			defaultConfigurationIsVisible = 0;
		};
/* End XCConfigurationList section */
	};
	rootObject = 8E7C7C041B3B5E2F00A1CD11 /* Project object */;
}
