// !$*UTF8*$!
{
	archiveVersion = 1;
	classes = {
	};
	objectVersion = 46;
	objects = {

/* Begin PBXBuildFile section */
		156990561B2E0CA6008F0A58 /* AppDelegate.swift in Sources */ = {isa = PBXBuildFile; fileRef = 156990551B2E0CA6008F0A58 /* AppDelegate.swift */; };
		156990581B2E0CA6008F0A58 /* ViewController.swift in Sources */ = {isa = PBXBuildFile; fileRef = 156990571B2E0CA6008F0A58 /* ViewController.swift */; };
		1569905B1B2E0CA6008F0A58 /* Main.storyboard in Resources */ = {isa = PBXBuildFile; fileRef = 156990591B2E0CA6008F0A58 /* Main.storyboard */; };
		1569905D1B2E0CA6008F0A58 /* Images.xcassets in Resources */ = {isa = PBXBuildFile; fileRef = 1569905C1B2E0CA6008F0A58 /* Images.xcassets */; };
		156990601B2E0CA6008F0A58 /* LaunchScreen.xib in Resources */ = {isa = PBXBuildFile; fileRef = 1569905E1B2E0CA6008F0A58 /* LaunchScreen.xib */; };
		1569906C1B2E0CA6008F0A58 /* Homework_1Tests.swift in Sources */ = {isa = PBXBuildFile; fileRef = 1569906B1B2E0CA6008F0A58 /* Homework_1Tests.swift */; };
		15E1F5141B30D8FF0091B068 /* White-Walker-cosplay-1-e1351822590207.jpg in Resources */ = {isa = PBXBuildFile; fileRef = 15E1F5131B30D8FE0091B068 /* White-Walker-cosplay-1-e1351822590207.jpg */; };
		15E1F5161B30D90F0091B068 /* 20140924_210138.jpg in Resources */ = {isa = PBXBuildFile; fileRef = 15E1F5151B30D90F0091B068 /* 20140924_210138.jpg */; };
/* End PBXBuildFile section */

/* Begin PBXContainerItemProxy section */
		156990661B2E0CA6008F0A58 /* PBXContainerItemProxy */ = {
			isa = PBXContainerItemProxy;
			containerPortal = 156990481B2E0CA6008F0A58 /* Project object */;
			proxyType = 1;
			remoteGlobalIDString = 1569904F1B2E0CA6008F0A58;
			remoteInfo = "Homework#1";
		};
/* End PBXContainerItemProxy section */

/* Begin PBXFileReference section */
		156990501B2E0CA6008F0A58 /* Homework#1.app */ = {isa = PBXFileReference; explicitFileType = wrapper.application; includeInIndex = 0; path = "Homework#1.app"; sourceTree = BUILT_PRODUCTS_DIR; };
		156990541B2E0CA6008F0A58 /* Info.plist */ = {isa = PBXFileReference; lastKnownFileType = text.plist.xml; path = Info.plist; sourceTree = "<group>"; };
		156990551B2E0CA6008F0A58 /* AppDelegate.swift */ = {isa = PBXFileReference; lastKnownFileType = sourcecode.swift; path = AppDelegate.swift; sourceTree = "<group>"; };
		156990571B2E0CA6008F0A58 /* ViewController.swift */ = {isa = PBXFileReference; lastKnownFileType = sourcecode.swift; path = ViewController.swift; sourceTree = "<group>"; };
		1569905A1B2E0CA6008F0A58 /* Base */ = {isa = PBXFileReference; lastKnownFileType = file.storyboard; name = Base; path = Base.lproj/Main.storyboard; sourceTree = "<group>"; };
		1569905C1B2E0CA6008F0A58 /* Images.xcassets */ = {isa = PBXFileReference; lastKnownFileType = folder.assetcatalog; path = Images.xcassets; sourceTree = "<group>"; };
		1569905F1B2E0CA6008F0A58 /* Base */ = {isa = PBXFileReference; lastKnownFileType = file.xib; name = Base; path = Base.lproj/LaunchScreen.xib; sourceTree = "<group>"; };
		156990651B2E0CA6008F0A58 /* Homework#1Tests.xctest */ = {isa = PBXFileReference; explicitFileType = wrapper.cfbundle; includeInIndex = 0; path = "Homework#1Tests.xctest"; sourceTree = BUILT_PRODUCTS_DIR; };
		1569906A1B2E0CA6008F0A58 /* Info.plist */ = {isa = PBXFileReference; lastKnownFileType = text.plist.xml; path = Info.plist; sourceTree = "<group>"; };
		1569906B1B2E0CA6008F0A58 /* Homework_1Tests.swift */ = {isa = PBXFileReference; lastKnownFileType = sourcecode.swift; path = Homework_1Tests.swift; sourceTree = "<group>"; };
		15E1F5131B30D8FE0091B068 /* White-Walker-cosplay-1-e1351822590207.jpg */ = {isa = PBXFileReference; lastKnownFileType = image.jpeg; path = "White-Walker-cosplay-1-e1351822590207.jpg"; sourceTree = "<group>"; };
		15E1F5151B30D90F0091B068 /* 20140924_210138.jpg */ = {isa = PBXFileReference; lastKnownFileType = image.jpeg; path = 20140924_210138.jpg; sourceTree = "<group>"; };
/* End PBXFileReference section */

/* Begin PBXFrameworksBuildPhase section */
		1569904D1B2E0CA6008F0A58 /* Frameworks */ = {
			isa = PBXFrameworksBuildPhase;
			buildActionMask = 2147483647;
			files = (
			);
			runOnlyForDeploymentPostprocessing = 0;
		};
		156990621B2E0CA6008F0A58 /* Frameworks */ = {
			isa = PBXFrameworksBuildPhase;
			buildActionMask = 2147483647;
			files = (
			);
			runOnlyForDeploymentPostprocessing = 0;
		};
/* End PBXFrameworksBuildPhase section */

/* Begin PBXGroup section */
		156990471B2E0CA6008F0A58 = {
			isa = PBXGroup;
			children = (
				156990521B2E0CA6008F0A58 /* Homework#1 */,
				156990681B2E0CA6008F0A58 /* Homework#1Tests */,
				156990511B2E0CA6008F0A58 /* Products */,
			);
			sourceTree = "<group>";
		};
		156990511B2E0CA6008F0A58 /* Products */ = {
			isa = PBXGroup;
			children = (
				156990501B2E0CA6008F0A58 /* Homework#1.app */,
				156990651B2E0CA6008F0A58 /* Homework#1Tests.xctest */,
			);
			name = Products;
			sourceTree = "<group>";
		};
		156990521B2E0CA6008F0A58 /* Homework#1 */ = {
			isa = PBXGroup;
			children = (
				156990551B2E0CA6008F0A58 /* AppDelegate.swift */,
				156990571B2E0CA6008F0A58 /* ViewController.swift */,
				15E1F5131B30D8FE0091B068 /* White-Walker-cosplay-1-e1351822590207.jpg */,
				156990591B2E0CA6008F0A58 /* Main.storyboard */,
				15E1F5151B30D90F0091B068 /* 20140924_210138.jpg */,
				1569905C1B2E0CA6008F0A58 /* Images.xcassets */,
				1569905E1B2E0CA6008F0A58 /* LaunchScreen.xib */,
				156990531B2E0CA6008F0A58 /* Supporting Files */,
			);
			path = "Homework#1";
			sourceTree = "<group>";
		};
		156990531B2E0CA6008F0A58 /* Supporting Files */ = {
			isa = PBXGroup;
			children = (
				156990541B2E0CA6008F0A58 /* Info.plist */,
			);
			name = "Supporting Files";
			sourceTree = "<group>";
		};
		156990681B2E0CA6008F0A58 /* Homework#1Tests */ = {
			isa = PBXGroup;
			children = (
				1569906B1B2E0CA6008F0A58 /* Homework_1Tests.swift */,
				156990691B2E0CA6008F0A58 /* Supporting Files */,
			);
			path = "Homework#1Tests";
			sourceTree = "<group>";
		};
		156990691B2E0CA6008F0A58 /* Supporting Files */ = {
			isa = PBXGroup;
			children = (
				1569906A1B2E0CA6008F0A58 /* Info.plist */,
			);
			name = "Supporting Files";
			sourceTree = "<group>";
		};
/* End PBXGroup section */

/* Begin PBXNativeTarget section */
		1569904F1B2E0CA6008F0A58 /* Homework#1 */ = {
			isa = PBXNativeTarget;
			buildConfigurationList = 1569906F1B2E0CA6008F0A58 /* Build configuration list for PBXNativeTarget "Homework#1" */;
			buildPhases = (
				1569904C1B2E0CA6008F0A58 /* Sources */,
				1569904D1B2E0CA6008F0A58 /* Frameworks */,
				1569904E1B2E0CA6008F0A58 /* Resources */,
			);
			buildRules = (
			);
			dependencies = (
			);
			name = "Homework#1";
			productName = "Homework#1";
			productReference = 156990501B2E0CA6008F0A58 /* Homework#1.app */;
			productType = "com.apple.product-type.application";
		};
		156990641B2E0CA6008F0A58 /* Homework#1Tests */ = {
			isa = PBXNativeTarget;
			buildConfigurationList = 156990721B2E0CA6008F0A58 /* Build configuration list for PBXNativeTarget "Homework#1Tests" */;
			buildPhases = (
				156990611B2E0CA6008F0A58 /* Sources */,
				156990621B2E0CA6008F0A58 /* Frameworks */,
				156990631B2E0CA6008F0A58 /* Resources */,
			);
			buildRules = (
			);
			dependencies = (
				156990671B2E0CA6008F0A58 /* PBXTargetDependency */,
			);
			name = "Homework#1Tests";
			productName = "Homework#1Tests";
			productReference = 156990651B2E0CA6008F0A58 /* Homework#1Tests.xctest */;
			productType = "com.apple.product-type.bundle.unit-test";
		};
/* End PBXNativeTarget section */

/* Begin PBXProject section */
		156990481B2E0CA6008F0A58 /* Project object */ = {
			isa = PBXProject;
			attributes = {
				LastUpgradeCheck = 0630;
				ORGANIZATIONNAME = "Roy Harrington Jr.";
				TargetAttributes = {
					1569904F1B2E0CA6008F0A58 = {
						CreatedOnToolsVersion = 6.3.2;
					};
					156990641B2E0CA6008F0A58 = {
						CreatedOnToolsVersion = 6.3.2;
						TestTargetID = 1569904F1B2E0CA6008F0A58;
					};
				};
			};
			buildConfigurationList = 1569904B1B2E0CA6008F0A58 /* Build configuration list for PBXProject "Homework#1" */;
			compatibilityVersion = "Xcode 3.2";
			developmentRegion = English;
			hasScannedForEncodings = 0;
			knownRegions = (
				en,
				Base,
			);
			mainGroup = 156990471B2E0CA6008F0A58;
			productRefGroup = 156990511B2E0CA6008F0A58 /* Products */;
			projectDirPath = "";
			projectRoot = "";
			targets = (
				1569904F1B2E0CA6008F0A58 /* Homework#1 */,
				156990641B2E0CA6008F0A58 /* Homework#1Tests */,
			);
		};
/* End PBXProject section */

/* Begin PBXResourcesBuildPhase section */
		1569904E1B2E0CA6008F0A58 /* Resources */ = {
			isa = PBXResourcesBuildPhase;
			buildActionMask = 2147483647;
			files = (
				1569905B1B2E0CA6008F0A58 /* Main.storyboard in Resources */,
				156990601B2E0CA6008F0A58 /* LaunchScreen.xib in Resources */,
				15E1F5141B30D8FF0091B068 /* White-Walker-cosplay-1-e1351822590207.jpg in Resources */,
				15E1F5161B30D90F0091B068 /* 20140924_210138.jpg in Resources */,
				1569905D1B2E0CA6008F0A58 /* Images.xcassets in Resources */,
			);
			runOnlyForDeploymentPostprocessing = 0;
		};
		156990631B2E0CA6008F0A58 /* Resources */ = {
			isa = PBXResourcesBuildPhase;
			buildActionMask = 2147483647;
			files = (
			);
			runOnlyForDeploymentPostprocessing = 0;
		};
/* End PBXResourcesBuildPhase section */

/* Begin PBXSourcesBuildPhase section */
		1569904C1B2E0CA6008F0A58 /* Sources */ = {
			isa = PBXSourcesBuildPhase;
			buildActionMask = 2147483647;
			files = (
				156990581B2E0CA6008F0A58 /* ViewController.swift in Sources */,
				156990561B2E0CA6008F0A58 /* AppDelegate.swift in Sources */,
			);
			runOnlyForDeploymentPostprocessing = 0;
		};
		156990611B2E0CA6008F0A58 /* Sources */ = {
			isa = PBXSourcesBuildPhase;
			buildActionMask = 2147483647;
			files = (
				1569906C1B2E0CA6008F0A58 /* Homework_1Tests.swift in Sources */,
			);
			runOnlyForDeploymentPostprocessing = 0;
		};
/* End PBXSourcesBuildPhase section */

/* Begin PBXTargetDependency section */
		156990671B2E0CA6008F0A58 /* PBXTargetDependency */ = {
			isa = PBXTargetDependency;
			target = 1569904F1B2E0CA6008F0A58 /* Homework#1 */;
			targetProxy = 156990661B2E0CA6008F0A58 /* PBXContainerItemProxy */;
		};
/* End PBXTargetDependency section */

/* Begin PBXVariantGroup section */
		156990591B2E0CA6008F0A58 /* Main.storyboard */ = {
			isa = PBXVariantGroup;
			children = (
				1569905A1B2E0CA6008F0A58 /* Base */,
			);
			name = Main.storyboard;
			sourceTree = "<group>";
		};
		1569905E1B2E0CA6008F0A58 /* LaunchScreen.xib */ = {
			isa = PBXVariantGroup;
			children = (
				1569905F1B2E0CA6008F0A58 /* Base */,
			);
			name = LaunchScreen.xib;
			sourceTree = "<group>";
		};
/* End PBXVariantGroup section */

/* Begin XCBuildConfiguration section */
		1569906D1B2E0CA6008F0A58 /* Debug */ = {
			isa = XCBuildConfiguration;
			buildSettings = {
				ALWAYS_SEARCH_USER_PATHS = NO;
				CLANG_CXX_LANGUAGE_STANDARD = "gnu++0x";
				CLANG_CXX_LIBRARY = "libc++";
				CLANG_ENABLE_MODULES = YES;
				CLANG_ENABLE_OBJC_ARC = YES;
				CLANG_WARN_BOOL_CONVERSION = YES;
				CLANG_WARN_CONSTANT_CONVERSION = YES;
				CLANG_WARN_DIRECT_OBJC_ISA_USAGE = YES_ERROR;
				CLANG_WARN_EMPTY_BODY = YES;
				CLANG_WARN_ENUM_CONVERSION = YES;
				CLANG_WARN_INT_CONVERSION = YES;
				CLANG_WARN_OBJC_ROOT_CLASS = YES_ERROR;
				CLANG_WARN_UNREACHABLE_CODE = YES;
				CLANG_WARN__DUPLICATE_METHOD_MATCH = YES;
				"CODE_SIGN_IDENTITY[sdk=iphoneos*]" = "iPhone Developer";
				COPY_PHASE_STRIP = NO;
				DEBUG_INFORMATION_FORMAT = "dwarf-with-dsym";
				ENABLE_STRICT_OBJC_MSGSEND = YES;
				GCC_C_LANGUAGE_STANDARD = gnu99;
				GCC_DYNAMIC_NO_PIC = NO;
				GCC_NO_COMMON_BLOCKS = YES;
				GCC_OPTIMIZATION_LEVEL = 0;
				GCC_PREPROCESSOR_DEFINITIONS = (
					"DEBUG=1",
					"$(inherited)",
				);
				GCC_SYMBOLS_PRIVATE_EXTERN = NO;
				GCC_WARN_64_TO_32_BIT_CONVERSION = YES;
				GCC_WARN_ABOUT_RETURN_TYPE = YES_ERROR;
				GCC_WARN_UNDECLARED_SELECTOR = YES;
				GCC_WARN_UNINITIALIZED_AUTOS = YES_AGGRESSIVE;
				GCC_WARN_UNUSED_FUNCTION = YES;
				GCC_WARN_UNUSED_VARIABLE = YES;
				IPHONEOS_DEPLOYMENT_TARGET = 8.3;
				MTL_ENABLE_DEBUG_INFO = YES;
				ONLY_ACTIVE_ARCH = YES;
				SDKROOT = iphoneos;
				SWIFT_OPTIMIZATION_LEVEL = "-Onone";
			};
			name = Debug;
		};
		1569906E1B2E0CA6008F0A58 /* Release */ = {
			isa = XCBuildConfiguration;
			buildSettings = {
				ALWAYS_SEARCH_USER_PATHS = NO;
				CLANG_CXX_LANGUAGE_STANDARD = "gnu++0x";
				CLANG_CXX_LIBRARY = "libc++";
				CLANG_ENABLE_MODULES = YES;
				CLANG_ENABLE_OBJC_ARC = YES;
				CLANG_WARN_BOOL_CONVERSION = YES;
				CLANG_WARN_CONSTANT_CONVERSION = YES;
				CLANG_WARN_DIRECT_OBJC_ISA_USAGE = YES_ERROR;
				CLANG_WARN_EMPTY_BODY = YES;
				CLANG_WARN_ENUM_CONVERSION = YES;
				CLANG_WARN_INT_CONVERSION = YES;
				CLANG_WARN_OBJC_ROOT_CLASS = YES_ERROR;
				CLANG_WARN_UNREACHABLE_CODE = YES;
				CLANG_WARN__DUPLICATE_METHOD_MATCH = YES;
				"CODE_SIGN_IDENTITY[sdk=iphoneos*]" = "iPhone Developer";
				COPY_PHASE_STRIP = NO;
				DEBUG_INFORMATION_FORMAT = "dwarf-with-dsym";
				ENABLE_NS_ASSERTIONS = NO;
				ENABLE_STRICT_OBJC_MSGSEND = YES;
				GCC_C_LANGUAGE_STANDARD = gnu99;
				GCC_NO_COMMON_BLOCKS = YES;
				GCC_WARN_64_TO_32_BIT_CONVERSION = YES;
				GCC_WARN_ABOUT_RETURN_TYPE = YES_ERROR;
				GCC_WARN_UNDECLARED_SELECTOR = YES;
				GCC_WARN_UNINITIALIZED_AUTOS = YES_AGGRESSIVE;
				GCC_WARN_UNUSED_FUNCTION = YES;
				GCC_WARN_UNUSED_VARIABLE = YES;
				IPHONEOS_DEPLOYMENT_TARGET = 8.3;
				MTL_ENABLE_DEBUG_INFO = NO;
				SDKROOT = iphoneos;
				VALIDATE_PRODUCT = YES;
			};
			name = Release;
		};
		156990701B2E0CA6008F0A58 /* Debug */ = {
			isa = XCBuildConfiguration;
			buildSettings = {
				ASSETCATALOG_COMPILER_APPICON_NAME = AppIcon;
				INFOPLIST_FILE = "Homework#1/Info.plist";
				LD_RUNPATH_SEARCH_PATHS = "$(inherited) @executable_path/Frameworks";
				PRODUCT_NAME = "$(TARGET_NAME)";
			};
			name = Debug;
		};
		156990711B2E0CA6008F0A58 /* Release */ = {
			isa = XCBuildConfiguration;
			buildSettings = {
				ASSETCATALOG_COMPILER_APPICON_NAME = AppIcon;
				INFOPLIST_FILE = "Homework#1/Info.plist";
				LD_RUNPATH_SEARCH_PATHS = "$(inherited) @executable_path/Frameworks";
				PRODUCT_NAME = "$(TARGET_NAME)";
			};
			name = Release;
		};
		156990731B2E0CA6008F0A58 /* Debug */ = {
			isa = XCBuildConfiguration;
			buildSettings = {
				BUNDLE_LOADER = "$(TEST_HOST)";
				FRAMEWORK_SEARCH_PATHS = (
					"$(SDKROOT)/Developer/Library/Frameworks",
					"$(inherited)",
				);
				GCC_PREPROCESSOR_DEFINITIONS = (
					"DEBUG=1",
					"$(inherited)",
				);
				INFOPLIST_FILE = "Homework#1Tests/Info.plist";
				LD_RUNPATH_SEARCH_PATHS = "$(inherited) @executable_path/Frameworks @loader_path/Frameworks";
				PRODUCT_NAME = "$(TARGET_NAME)";
				TEST_HOST = "$(BUILT_PRODUCTS_DIR)/Homework#1.app/Homework#1";
			};
			name = Debug;
		};
		156990741B2E0CA6008F0A58 /* Release */ = {
			isa = XCBuildConfiguration;
			buildSettings = {
				BUNDLE_LOADER = "$(TEST_HOST)";
				FRAMEWORK_SEARCH_PATHS = (
					"$(SDKROOT)/Developer/Library/Frameworks",
					"$(inherited)",
				);
				INFOPLIST_FILE = "Homework#1Tests/Info.plist";
				LD_RUNPATH_SEARCH_PATHS = "$(inherited) @executable_path/Frameworks @loader_path/Frameworks";
				PRODUCT_NAME = "$(TARGET_NAME)";
				TEST_HOST = "$(BUILT_PRODUCTS_DIR)/Homework#1.app/Homework#1";
			};
			name = Release;
		};
/* End XCBuildConfiguration section */

/* Begin XCConfigurationList section */
		1569904B1B2E0CA6008F0A58 /* Build configuration list for PBXProject "Homework#1" */ = {
			isa = XCConfigurationList;
			buildConfigurations = (
				1569906D1B2E0CA6008F0A58 /* Debug */,
				1569906E1B2E0CA6008F0A58 /* Release */,
			);
			defaultConfigurationIsVisible = 0;
			defaultConfigurationName = Release;
		};
		1569906F1B2E0CA6008F0A58 /* Build configuration list for PBXNativeTarget "Homework#1" */ = {
			isa = XCConfigurationList;
			buildConfigurations = (
				156990701B2E0CA6008F0A58 /* Debug */,
				156990711B2E0CA6008F0A58 /* Release */,
			);
			defaultConfigurationIsVisible = 0;
			defaultConfigurationName = Release;
		};
		156990721B2E0CA6008F0A58 /* Build configuration list for PBXNativeTarget "Homework#1Tests" */ = {
			isa = XCConfigurationList;
			buildConfigurations = (
				156990731B2E0CA6008F0A58 /* Debug */,
				156990741B2E0CA6008F0A58 /* Release */,
			);
			defaultConfigurationIsVisible = 0;
			defaultConfigurationName = Release;
		};
/* End XCConfigurationList section */
	};
	rootObject = 156990481B2E0CA6008F0A58 /* Project object */;
}
