// !$*UTF8*$!
{
	archiveVersion = 1;
	classes = {
	};
	objectVersion = 46;
	objects = {

/* Begin PBXBuildFile section */
		8EC6AFBE1B4218FB00D0CD73 /* AppDelegate.swift in Sources */ = {isa = PBXBuildFile; fileRef = 8EC6AFBD1B4218FB00D0CD73 /* AppDelegate.swift */; };
		8EC6AFC01B4218FB00D0CD73 /* ViewController.swift in Sources */ = {isa = PBXBuildFile; fileRef = 8EC6AFBF1B4218FB00D0CD73 /* ViewController.swift */; };
		8EC6AFC31B4218FB00D0CD73 /* Main.storyboard in Resources */ = {isa = PBXBuildFile; fileRef = 8EC6AFC11B4218FB00D0CD73 /* Main.storyboard */; };
		8EC6AFC51B4218FB00D0CD73 /* Images.xcassets in Resources */ = {isa = PBXBuildFile; fileRef = 8EC6AFC41B4218FB00D0CD73 /* Images.xcassets */; };
		8EC6AFC81B4218FB00D0CD73 /* LaunchScreen.xib in Resources */ = {isa = PBXBuildFile; fileRef = 8EC6AFC61B4218FB00D0CD73 /* LaunchScreen.xib */; };
		8EC6AFD41B4218FB00D0CD73 /* Lesson08TableTests.swift in Sources */ = {isa = PBXBuildFile; fileRef = 8EC6AFD31B4218FB00D0CD73 /* Lesson08TableTests.swift */; };
		8EC6AFE01B421BD900D0CD73 /* TableViewController.swift in Sources */ = {isa = PBXBuildFile; fileRef = 8EC6AFDF1B421BD900D0CD73 /* TableViewController.swift */; };
/* End PBXBuildFile section */

/* Begin PBXContainerItemProxy section */
		8EC6AFCE1B4218FB00D0CD73 /* PBXContainerItemProxy */ = {
			isa = PBXContainerItemProxy;
			containerPortal = 8EC6AFB01B4218FB00D0CD73 /* Project object */;
			proxyType = 1;
			remoteGlobalIDString = 8EC6AFB71B4218FB00D0CD73;
			remoteInfo = Lesson08Table;
		};
/* End PBXContainerItemProxy section */

/* Begin PBXFileReference section */
		8EC6AFB81B4218FB00D0CD73 /* Lesson08Table.app */ = {isa = PBXFileReference; explicitFileType = wrapper.application; includeInIndex = 0; path = Lesson08Table.app; sourceTree = BUILT_PRODUCTS_DIR; };
		8EC6AFBC1B4218FB00D0CD73 /* Info.plist */ = {isa = PBXFileReference; lastKnownFileType = text.plist.xml; path = Info.plist; sourceTree = "<group>"; };
		8EC6AFBD1B4218FB00D0CD73 /* AppDelegate.swift */ = {isa = PBXFileReference; lastKnownFileType = sourcecode.swift; path = AppDelegate.swift; sourceTree = "<group>"; };
		8EC6AFBF1B4218FB00D0CD73 /* ViewController.swift */ = {isa = PBXFileReference; lastKnownFileType = sourcecode.swift; path = ViewController.swift; sourceTree = "<group>"; };
		8EC6AFC21B4218FB00D0CD73 /* Base */ = {isa = PBXFileReference; lastKnownFileType = file.storyboard; name = Base; path = Base.lproj/Main.storyboard; sourceTree = "<group>"; };
		8EC6AFC41B4218FB00D0CD73 /* Images.xcassets */ = {isa = PBXFileReference; lastKnownFileType = folder.assetcatalog; path = Images.xcassets; sourceTree = "<group>"; };
		8EC6AFC71B4218FB00D0CD73 /* Base */ = {isa = PBXFileReference; lastKnownFileType = file.xib; name = Base; path = Base.lproj/LaunchScreen.xib; sourceTree = "<group>"; };
		8EC6AFCD1B4218FB00D0CD73 /* Lesson08TableTests.xctest */ = {isa = PBXFileReference; explicitFileType = wrapper.cfbundle; includeInIndex = 0; path = Lesson08TableTests.xctest; sourceTree = BUILT_PRODUCTS_DIR; };
		8EC6AFD21B4218FB00D0CD73 /* Info.plist */ = {isa = PBXFileReference; lastKnownFileType = text.plist.xml; path = Info.plist; sourceTree = "<group>"; };
		8EC6AFD31B4218FB00D0CD73 /* Lesson08TableTests.swift */ = {isa = PBXFileReference; lastKnownFileType = sourcecode.swift; path = Lesson08TableTests.swift; sourceTree = "<group>"; };
		8EC6AFDF1B421BD900D0CD73 /* TableViewController.swift */ = {isa = PBXFileReference; fileEncoding = 4; lastKnownFileType = sourcecode.swift; path = TableViewController.swift; sourceTree = "<group>"; };
/* End PBXFileReference section */

/* Begin PBXFrameworksBuildPhase section */
		8EC6AFB51B4218FB00D0CD73 /* Frameworks */ = {
			isa = PBXFrameworksBuildPhase;
			buildActionMask = 2147483647;
			files = (
			);
			runOnlyForDeploymentPostprocessing = 0;
		};
		8EC6AFCA1B4218FB00D0CD73 /* Frameworks */ = {
			isa = PBXFrameworksBuildPhase;
			buildActionMask = 2147483647;
			files = (
			);
			runOnlyForDeploymentPostprocessing = 0;
		};
/* End PBXFrameworksBuildPhase section */

/* Begin PBXGroup section */
		8EC6AFAF1B4218FB00D0CD73 = {
			isa = PBXGroup;
			children = (
				8EC6AFBA1B4218FB00D0CD73 /* Lesson08Table */,
				8EC6AFD01B4218FB00D0CD73 /* Lesson08TableTests */,
				8EC6AFB91B4218FB00D0CD73 /* Products */,
			);
			sourceTree = "<group>";
		};
		8EC6AFB91B4218FB00D0CD73 /* Products */ = {
			isa = PBXGroup;
			children = (
				8EC6AFB81B4218FB00D0CD73 /* Lesson08Table.app */,
				8EC6AFCD1B4218FB00D0CD73 /* Lesson08TableTests.xctest */,
			);
			name = Products;
			sourceTree = "<group>";
		};
		8EC6AFBA1B4218FB00D0CD73 /* Lesson08Table */ = {
			isa = PBXGroup;
			children = (
				8EC6AFBD1B4218FB00D0CD73 /* AppDelegate.swift */,
				8EC6AFDF1B421BD900D0CD73 /* TableViewController.swift */,
				8EC6AFBF1B4218FB00D0CD73 /* ViewController.swift */,
				8EC6AFC11B4218FB00D0CD73 /* Main.storyboard */,
				8EC6AFC41B4218FB00D0CD73 /* Images.xcassets */,
				8EC6AFC61B4218FB00D0CD73 /* LaunchScreen.xib */,
				8EC6AFBB1B4218FB00D0CD73 /* Supporting Files */,
			);
			path = Lesson08Table;
			sourceTree = "<group>";
		};
		8EC6AFBB1B4218FB00D0CD73 /* Supporting Files */ = {
			isa = PBXGroup;
			children = (
				8EC6AFBC1B4218FB00D0CD73 /* Info.plist */,
			);
			name = "Supporting Files";
			sourceTree = "<group>";
		};
		8EC6AFD01B4218FB00D0CD73 /* Lesson08TableTests */ = {
			isa = PBXGroup;
			children = (
				8EC6AFD31B4218FB00D0CD73 /* Lesson08TableTests.swift */,
				8EC6AFD11B4218FB00D0CD73 /* Supporting Files */,
			);
			path = Lesson08TableTests;
			sourceTree = "<group>";
		};
		8EC6AFD11B4218FB00D0CD73 /* Supporting Files */ = {
			isa = PBXGroup;
			children = (
				8EC6AFD21B4218FB00D0CD73 /* Info.plist */,
			);
			name = "Supporting Files";
			sourceTree = "<group>";
		};
/* End PBXGroup section */

/* Begin PBXNativeTarget section */
		8EC6AFB71B4218FB00D0CD73 /* Lesson08Table */ = {
			isa = PBXNativeTarget;
			buildConfigurationList = 8EC6AFD71B4218FB00D0CD73 /* Build configuration list for PBXNativeTarget "Lesson08Table" */;
			buildPhases = (
				8EC6AFB41B4218FB00D0CD73 /* Sources */,
				8EC6AFB51B4218FB00D0CD73 /* Frameworks */,
				8EC6AFB61B4218FB00D0CD73 /* Resources */,
			);
			buildRules = (
			);
			dependencies = (
			);
			name = Lesson08Table;
			productName = Lesson08Table;
			productReference = 8EC6AFB81B4218FB00D0CD73 /* Lesson08Table.app */;
			productType = "com.apple.product-type.application";
		};
		8EC6AFCC1B4218FB00D0CD73 /* Lesson08TableTests */ = {
			isa = PBXNativeTarget;
			buildConfigurationList = 8EC6AFDA1B4218FB00D0CD73 /* Build configuration list for PBXNativeTarget "Lesson08TableTests" */;
			buildPhases = (
				8EC6AFC91B4218FB00D0CD73 /* Sources */,
				8EC6AFCA1B4218FB00D0CD73 /* Frameworks */,
				8EC6AFCB1B4218FB00D0CD73 /* Resources */,
			);
			buildRules = (
			);
			dependencies = (
				8EC6AFCF1B4218FB00D0CD73 /* PBXTargetDependency */,
			);
			name = Lesson08TableTests;
			productName = Lesson08TableTests;
			productReference = 8EC6AFCD1B4218FB00D0CD73 /* Lesson08TableTests.xctest */;
			productType = "com.apple.product-type.bundle.unit-test";
		};
/* End PBXNativeTarget section */

/* Begin PBXProject section */
		8EC6AFB01B4218FB00D0CD73 /* Project object */ = {
			isa = PBXProject;
			attributes = {
				LastUpgradeCheck = 0640;
				ORGANIZATIONNAME = GA;
				TargetAttributes = {
					8EC6AFB71B4218FB00D0CD73 = {
						CreatedOnToolsVersion = 6.3.2;
					};
					8EC6AFCC1B4218FB00D0CD73 = {
						CreatedOnToolsVersion = 6.3.2;
						TestTargetID = 8EC6AFB71B4218FB00D0CD73;
					};
				};
			};
			buildConfigurationList = 8EC6AFB31B4218FB00D0CD73 /* Build configuration list for PBXProject "Lesson08Table" */;
			compatibilityVersion = "Xcode 3.2";
			developmentRegion = English;
			hasScannedForEncodings = 0;
			knownRegions = (
				en,
				Base,
			);
			mainGroup = 8EC6AFAF1B4218FB00D0CD73;
			productRefGroup = 8EC6AFB91B4218FB00D0CD73 /* Products */;
			projectDirPath = "";
			projectRoot = "";
			targets = (
				8EC6AFB71B4218FB00D0CD73 /* Lesson08Table */,
				8EC6AFCC1B4218FB00D0CD73 /* Lesson08TableTests */,
			);
		};
/* End PBXProject section */

/* Begin PBXResourcesBuildPhase section */
		8EC6AFB61B4218FB00D0CD73 /* Resources */ = {
			isa = PBXResourcesBuildPhase;
			buildActionMask = 2147483647;
			files = (
				8EC6AFC31B4218FB00D0CD73 /* Main.storyboard in Resources */,
				8EC6AFC81B4218FB00D0CD73 /* LaunchScreen.xib in Resources */,
				8EC6AFC51B4218FB00D0CD73 /* Images.xcassets in Resources */,
			);
			runOnlyForDeploymentPostprocessing = 0;
		};
		8EC6AFCB1B4218FB00D0CD73 /* Resources */ = {
			isa = PBXResourcesBuildPhase;
			buildActionMask = 2147483647;
			files = (
			);
			runOnlyForDeploymentPostprocessing = 0;
		};
/* End PBXResourcesBuildPhase section */

/* Begin PBXSourcesBuildPhase section */
		8EC6AFB41B4218FB00D0CD73 /* Sources */ = {
			isa = PBXSourcesBuildPhase;
			buildActionMask = 2147483647;
			files = (
				8EC6AFC01B4218FB00D0CD73 /* ViewController.swift in Sources */,
				8EC6AFE01B421BD900D0CD73 /* TableViewController.swift in Sources */,
				8EC6AFBE1B4218FB00D0CD73 /* AppDelegate.swift in Sources */,
			);
			runOnlyForDeploymentPostprocessing = 0;
		};
		8EC6AFC91B4218FB00D0CD73 /* Sources */ = {
			isa = PBXSourcesBuildPhase;
			buildActionMask = 2147483647;
			files = (
				8EC6AFD41B4218FB00D0CD73 /* Lesson08TableTests.swift in Sources */,
			);
			runOnlyForDeploymentPostprocessing = 0;
		};
/* End PBXSourcesBuildPhase section */

/* Begin PBXTargetDependency section */
		8EC6AFCF1B4218FB00D0CD73 /* PBXTargetDependency */ = {
			isa = PBXTargetDependency;
			target = 8EC6AFB71B4218FB00D0CD73 /* Lesson08Table */;
			targetProxy = 8EC6AFCE1B4218FB00D0CD73 /* PBXContainerItemProxy */;
		};
/* End PBXTargetDependency section */

/* Begin PBXVariantGroup section */
		8EC6AFC11B4218FB00D0CD73 /* Main.storyboard */ = {
			isa = PBXVariantGroup;
			children = (
				8EC6AFC21B4218FB00D0CD73 /* Base */,
			);
			name = Main.storyboard;
			sourceTree = "<group>";
		};
		8EC6AFC61B4218FB00D0CD73 /* LaunchScreen.xib */ = {
			isa = PBXVariantGroup;
			children = (
				8EC6AFC71B4218FB00D0CD73 /* Base */,
			);
			name = LaunchScreen.xib;
			sourceTree = "<group>";
		};
/* End PBXVariantGroup section */

/* Begin XCBuildConfiguration section */
		8EC6AFD51B4218FB00D0CD73 /* Debug */ = {
			isa = XCBuildConfiguration;
			buildSettings = {
				ALWAYS_SEARCH_USER_PATHS = NO;
				CLANG_CXX_LANGUAGE_STANDARD = "gnu++0x";
				CLANG_CXX_LIBRARY = "libc++";
				CLANG_ENABLE_MODULES = YES;
				CLANG_ENABLE_OBJC_ARC = YES;
				CLANG_WARN_BOOL_CONVERSION = YES;
				CLANG_WARN_CONSTANT_CONVERSION = YES;
				CLANG_WARN_DIRECT_OBJC_ISA_USAGE = YES_ERROR;
				CLANG_WARN_EMPTY_BODY = YES;
				CLANG_WARN_ENUM_CONVERSION = YES;
				CLANG_WARN_INT_CONVERSION = YES;
				CLANG_WARN_OBJC_ROOT_CLASS = YES_ERROR;
				CLANG_WARN_UNREACHABLE_CODE = YES;
				CLANG_WARN__DUPLICATE_METHOD_MATCH = YES;
				"CODE_SIGN_IDENTITY[sdk=iphoneos*]" = "iPhone Developer";
				COPY_PHASE_STRIP = NO;
				DEBUG_INFORMATION_FORMAT = "dwarf-with-dsym";
				ENABLE_STRICT_OBJC_MSGSEND = YES;
				GCC_C_LANGUAGE_STANDARD = gnu99;
				GCC_DYNAMIC_NO_PIC = NO;
				GCC_NO_COMMON_BLOCKS = YES;
				GCC_OPTIMIZATION_LEVEL = 0;
				GCC_PREPROCESSOR_DEFINITIONS = (
					"DEBUG=1",
					"$(inherited)",
				);
				GCC_SYMBOLS_PRIVATE_EXTERN = NO;
				GCC_WARN_64_TO_32_BIT_CONVERSION = YES;
				GCC_WARN_ABOUT_RETURN_TYPE = YES_ERROR;
				GCC_WARN_UNDECLARED_SELECTOR = YES;
				GCC_WARN_UNINITIALIZED_AUTOS = YES_AGGRESSIVE;
				GCC_WARN_UNUSED_FUNCTION = YES;
				GCC_WARN_UNUSED_VARIABLE = YES;
				IPHONEOS_DEPLOYMENT_TARGET = 8.3;
				MTL_ENABLE_DEBUG_INFO = YES;
				ONLY_ACTIVE_ARCH = YES;
				SDKROOT = iphoneos;
				SWIFT_OPTIMIZATION_LEVEL = "-Onone";
			};
			name = Debug;
		};
		8EC6AFD61B4218FB00D0CD73 /* Release */ = {
			isa = XCBuildConfiguration;
			buildSettings = {
				ALWAYS_SEARCH_USER_PATHS = NO;
				CLANG_CXX_LANGUAGE_STANDARD = "gnu++0x";
				CLANG_CXX_LIBRARY = "libc++";
				CLANG_ENABLE_MODULES = YES;
				CLANG_ENABLE_OBJC_ARC = YES;
				CLANG_WARN_BOOL_CONVERSION = YES;
				CLANG_WARN_CONSTANT_CONVERSION = YES;
				CLANG_WARN_DIRECT_OBJC_ISA_USAGE = YES_ERROR;
				CLANG_WARN_EMPTY_BODY = YES;
				CLANG_WARN_ENUM_CONVERSION = YES;
				CLANG_WARN_INT_CONVERSION = YES;
				CLANG_WARN_OBJC_ROOT_CLASS = YES_ERROR;
				CLANG_WARN_UNREACHABLE_CODE = YES;
				CLANG_WARN__DUPLICATE_METHOD_MATCH = YES;
				"CODE_SIGN_IDENTITY[sdk=iphoneos*]" = "iPhone Developer";
				COPY_PHASE_STRIP = NO;
				DEBUG_INFORMATION_FORMAT = "dwarf-with-dsym";
				ENABLE_NS_ASSERTIONS = NO;
				ENABLE_STRICT_OBJC_MSGSEND = YES;
				GCC_C_LANGUAGE_STANDARD = gnu99;
				GCC_NO_COMMON_BLOCKS = YES;
				GCC_WARN_64_TO_32_BIT_CONVERSION = YES;
				GCC_WARN_ABOUT_RETURN_TYPE = YES_ERROR;
				GCC_WARN_UNDECLARED_SELECTOR = YES;
				GCC_WARN_UNINITIALIZED_AUTOS = YES_AGGRESSIVE;
				GCC_WARN_UNUSED_FUNCTION = YES;
				GCC_WARN_UNUSED_VARIABLE = YES;
				IPHONEOS_DEPLOYMENT_TARGET = 8.3;
				MTL_ENABLE_DEBUG_INFO = NO;
				SDKROOT = iphoneos;
				VALIDATE_PRODUCT = YES;
			};
			name = Release;
		};
		8EC6AFD81B4218FB00D0CD73 /* Debug */ = {
			isa = XCBuildConfiguration;
			buildSettings = {
				ASSETCATALOG_COMPILER_APPICON_NAME = AppIcon;
				INFOPLIST_FILE = Lesson08Table/Info.plist;
				LD_RUNPATH_SEARCH_PATHS = "$(inherited) @executable_path/Frameworks";
				PRODUCT_NAME = "$(TARGET_NAME)";
			};
			name = Debug;
		};
		8EC6AFD91B4218FB00D0CD73 /* Release */ = {
			isa = XCBuildConfiguration;
			buildSettings = {
				ASSETCATALOG_COMPILER_APPICON_NAME = AppIcon;
				INFOPLIST_FILE = Lesson08Table/Info.plist;
				LD_RUNPATH_SEARCH_PATHS = "$(inherited) @executable_path/Frameworks";
				PRODUCT_NAME = "$(TARGET_NAME)";
			};
			name = Release;
		};
		8EC6AFDB1B4218FB00D0CD73 /* Debug */ = {
			isa = XCBuildConfiguration;
			buildSettings = {
				BUNDLE_LOADER = "$(TEST_HOST)";
				FRAMEWORK_SEARCH_PATHS = (
					"$(SDKROOT)/Developer/Library/Frameworks",
					"$(inherited)",
				);
				GCC_PREPROCESSOR_DEFINITIONS = (
					"DEBUG=1",
					"$(inherited)",
				);
				INFOPLIST_FILE = Lesson08TableTests/Info.plist;
				LD_RUNPATH_SEARCH_PATHS = "$(inherited) @executable_path/Frameworks @loader_path/Frameworks";
				PRODUCT_NAME = "$(TARGET_NAME)";
				TEST_HOST = "$(BUILT_PRODUCTS_DIR)/Lesson08Table.app/Lesson08Table";
			};
			name = Debug;
		};
		8EC6AFDC1B4218FB00D0CD73 /* Release */ = {
			isa = XCBuildConfiguration;
			buildSettings = {
				BUNDLE_LOADER = "$(TEST_HOST)";
				FRAMEWORK_SEARCH_PATHS = (
					"$(SDKROOT)/Developer/Library/Frameworks",
					"$(inherited)",
				);
				INFOPLIST_FILE = Lesson08TableTests/Info.plist;
				LD_RUNPATH_SEARCH_PATHS = "$(inherited) @executable_path/Frameworks @loader_path/Frameworks";
				PRODUCT_NAME = "$(TARGET_NAME)";
				TEST_HOST = "$(BUILT_PRODUCTS_DIR)/Lesson08Table.app/Lesson08Table";
			};
			name = Release;
		};
/* End XCBuildConfiguration section */

/* Begin XCConfigurationList section */
		8EC6AFB31B4218FB00D0CD73 /* Build configuration list for PBXProject "Lesson08Table" */ = {
			isa = XCConfigurationList;
			buildConfigurations = (
				8EC6AFD51B4218FB00D0CD73 /* Debug */,
				8EC6AFD61B4218FB00D0CD73 /* Release */,
			);
			defaultConfigurationIsVisible = 0;
			defaultConfigurationName = Release;
		};
		8EC6AFD71B4218FB00D0CD73 /* Build configuration list for PBXNativeTarget "Lesson08Table" */ = {
			isa = XCConfigurationList;
			buildConfigurations = (
				8EC6AFD81B4218FB00D0CD73 /* Debug */,
				8EC6AFD91B4218FB00D0CD73 /* Release */,
			);
			defaultConfigurationIsVisible = 0;
		};
		8EC6AFDA1B4218FB00D0CD73 /* Build configuration list for PBXNativeTarget "Lesson08TableTests" */ = {
			isa = XCConfigurationList;
			buildConfigurations = (
				8EC6AFDB1B4218FB00D0CD73 /* Debug */,
				8EC6AFDC1B4218FB00D0CD73 /* Release */,
			);
			defaultConfigurationIsVisible = 0;
		};
/* End XCConfigurationList section */
	};
	rootObject = 8EC6AFB01B4218FB00D0CD73 /* Project object */;
}
