// !$*UTF8*$!
{
	archiveVersion = 1;
	classes = {
	};
	objectVersion = 46;
	objects = {

/* Begin PBXBuildFile section */
		15F2D5921B2661D2007033E5 /* AppDelegate.swift in Sources */ = {isa = PBXBuildFile; fileRef = 15F2D5911B2661D2007033E5 /* AppDelegate.swift */; };
		15F2D5941B2661D2007033E5 /* ViewController.swift in Sources */ = {isa = PBXBuildFile; fileRef = 15F2D5931B2661D2007033E5 /* ViewController.swift */; };
		15F2D5971B2661D2007033E5 /* Main.storyboard in Resources */ = {isa = PBXBuildFile; fileRef = 15F2D5951B2661D2007033E5 /* Main.storyboard */; };
		15F2D5991B2661D2007033E5 /* Images.xcassets in Resources */ = {isa = PBXBuildFile; fileRef = 15F2D5981B2661D2007033E5 /* Images.xcassets */; };
		15F2D59C1B2661D2007033E5 /* LaunchScreen.xib in Resources */ = {isa = PBXBuildFile; fileRef = 15F2D59A1B2661D2007033E5 /* LaunchScreen.xib */; };
		15F2D5A81B2661D2007033E5 /* Lesson_2_exampleTests.swift in Sources */ = {isa = PBXBuildFile; fileRef = 15F2D5A71B2661D2007033E5 /* Lesson_2_exampleTests.swift */; };
		15F2D5B21B2668CA007033E5 /* 9d28b2597cd07eded7d1f987ebcd9c0c.jpg in Resources */ = {isa = PBXBuildFile; fileRef = 15F2D5B11B2668CA007033E5 /* 9d28b2597cd07eded7d1f987ebcd9c0c.jpg */; };
/* End PBXBuildFile section */

/* Begin PBXContainerItemProxy section */
		15F2D5A21B2661D2007033E5 /* PBXContainerItemProxy */ = {
			isa = PBXContainerItemProxy;
			containerPortal = 15F2D5841B2661D2007033E5 /* Project object */;
			proxyType = 1;
			remoteGlobalIDString = 15F2D58B1B2661D2007033E5;
			remoteInfo = "Lesson 2 example";
		};
/* End PBXContainerItemProxy section */

/* Begin PBXFileReference section */
		15F2D58C1B2661D2007033E5 /* Lesson 2 example.app */ = {isa = PBXFileReference; explicitFileType = wrapper.application; includeInIndex = 0; path = "Lesson 2 example.app"; sourceTree = BUILT_PRODUCTS_DIR; };
		15F2D5901B2661D2007033E5 /* Info.plist */ = {isa = PBXFileReference; lastKnownFileType = text.plist.xml; path = Info.plist; sourceTree = "<group>"; };
		15F2D5911B2661D2007033E5 /* AppDelegate.swift */ = {isa = PBXFileReference; lastKnownFileType = sourcecode.swift; path = AppDelegate.swift; sourceTree = "<group>"; };
		15F2D5931B2661D2007033E5 /* ViewController.swift */ = {isa = PBXFileReference; lastKnownFileType = sourcecode.swift; path = ViewController.swift; sourceTree = "<group>"; };
		15F2D5961B2661D2007033E5 /* Base */ = {isa = PBXFileReference; lastKnownFileType = file.storyboard; name = Base; path = Base.lproj/Main.storyboard; sourceTree = "<group>"; };
		15F2D5981B2661D2007033E5 /* Images.xcassets */ = {isa = PBXFileReference; lastKnownFileType = folder.assetcatalog; path = Images.xcassets; sourceTree = "<group>"; };
		15F2D59B1B2661D2007033E5 /* Base */ = {isa = PBXFileReference; lastKnownFileType = file.xib; name = Base; path = Base.lproj/LaunchScreen.xib; sourceTree = "<group>"; };
		15F2D5A11B2661D2007033E5 /* Lesson 2 exampleTests.xctest */ = {isa = PBXFileReference; explicitFileType = wrapper.cfbundle; includeInIndex = 0; path = "Lesson 2 exampleTests.xctest"; sourceTree = BUILT_PRODUCTS_DIR; };
		15F2D5A61B2661D2007033E5 /* Info.plist */ = {isa = PBXFileReference; lastKnownFileType = text.plist.xml; path = Info.plist; sourceTree = "<group>"; };
		15F2D5A71B2661D2007033E5 /* Lesson_2_exampleTests.swift */ = {isa = PBXFileReference; lastKnownFileType = sourcecode.swift; path = Lesson_2_exampleTests.swift; sourceTree = "<group>"; };
		15F2D5B11B2668CA007033E5 /* 9d28b2597cd07eded7d1f987ebcd9c0c.jpg */ = {isa = PBXFileReference; lastKnownFileType = image.jpeg; path = 9d28b2597cd07eded7d1f987ebcd9c0c.jpg; sourceTree = "<group>"; };
/* End PBXFileReference section */

/* Begin PBXFrameworksBuildPhase section */
		15F2D5891B2661D2007033E5 /* Frameworks */ = {
			isa = PBXFrameworksBuildPhase;
			buildActionMask = 2147483647;
			files = (
			);
			runOnlyForDeploymentPostprocessing = 0;
		};
		15F2D59E1B2661D2007033E5 /* Frameworks */ = {
			isa = PBXFrameworksBuildPhase;
			buildActionMask = 2147483647;
			files = (
			);
			runOnlyForDeploymentPostprocessing = 0;
		};
/* End PBXFrameworksBuildPhase section */

/* Begin PBXGroup section */
		15F2D5831B2661D2007033E5 = {
			isa = PBXGroup;
			children = (
				15F2D58E1B2661D2007033E5 /* Lesson 2 example */,
				15F2D5A41B2661D2007033E5 /* Lesson 2 exampleTests */,
				15F2D58D1B2661D2007033E5 /* Products */,
			);
			sourceTree = "<group>";
		};
		15F2D58D1B2661D2007033E5 /* Products */ = {
			isa = PBXGroup;
			children = (
				15F2D58C1B2661D2007033E5 /* Lesson 2 example.app */,
				15F2D5A11B2661D2007033E5 /* Lesson 2 exampleTests.xctest */,
			);
			name = Products;
			sourceTree = "<group>";
		};
		15F2D58E1B2661D2007033E5 /* Lesson 2 example */ = {
			isa = PBXGroup;
			children = (
				15F2D5911B2661D2007033E5 /* AppDelegate.swift */,
				15F2D5931B2661D2007033E5 /* ViewController.swift */,
				15F2D5951B2661D2007033E5 /* Main.storyboard */,
				15F2D5B11B2668CA007033E5 /* 9d28b2597cd07eded7d1f987ebcd9c0c.jpg */,
				15F2D5981B2661D2007033E5 /* Images.xcassets */,
				15F2D59A1B2661D2007033E5 /* LaunchScreen.xib */,
				15F2D58F1B2661D2007033E5 /* Supporting Files */,
			);
			path = "Lesson 2 example";
			sourceTree = "<group>";
		};
		15F2D58F1B2661D2007033E5 /* Supporting Files */ = {
			isa = PBXGroup;
			children = (
				15F2D5901B2661D2007033E5 /* Info.plist */,
			);
			name = "Supporting Files";
			sourceTree = "<group>";
		};
		15F2D5A41B2661D2007033E5 /* Lesson 2 exampleTests */ = {
			isa = PBXGroup;
			children = (
				15F2D5A71B2661D2007033E5 /* Lesson_2_exampleTests.swift */,
				15F2D5A51B2661D2007033E5 /* Supporting Files */,
			);
			path = "Lesson 2 exampleTests";
			sourceTree = "<group>";
		};
		15F2D5A51B2661D2007033E5 /* Supporting Files */ = {
			isa = PBXGroup;
			children = (
				15F2D5A61B2661D2007033E5 /* Info.plist */,
			);
			name = "Supporting Files";
			sourceTree = "<group>";
		};
/* End PBXGroup section */

/* Begin PBXNativeTarget section */
		15F2D58B1B2661D2007033E5 /* Lesson 2 example */ = {
			isa = PBXNativeTarget;
			buildConfigurationList = 15F2D5AB1B2661D2007033E5 /* Build configuration list for PBXNativeTarget "Lesson 2 example" */;
			buildPhases = (
				15F2D5881B2661D2007033E5 /* Sources */,
				15F2D5891B2661D2007033E5 /* Frameworks */,
				15F2D58A1B2661D2007033E5 /* Resources */,
			);
			buildRules = (
			);
			dependencies = (
			);
			name = "Lesson 2 example";
			productName = "Lesson 2 example";
			productReference = 15F2D58C1B2661D2007033E5 /* Lesson 2 example.app */;
			productType = "com.apple.product-type.application";
		};
		15F2D5A01B2661D2007033E5 /* Lesson 2 exampleTests */ = {
			isa = PBXNativeTarget;
			buildConfigurationList = 15F2D5AE1B2661D2007033E5 /* Build configuration list for PBXNativeTarget "Lesson 2 exampleTests" */;
			buildPhases = (
				15F2D59D1B2661D2007033E5 /* Sources */,
				15F2D59E1B2661D2007033E5 /* Frameworks */,
				15F2D59F1B2661D2007033E5 /* Resources */,
			);
			buildRules = (
			);
			dependencies = (
				15F2D5A31B2661D2007033E5 /* PBXTargetDependency */,
			);
			name = "Lesson 2 exampleTests";
			productName = "Lesson 2 exampleTests";
			productReference = 15F2D5A11B2661D2007033E5 /* Lesson 2 exampleTests.xctest */;
			productType = "com.apple.product-type.bundle.unit-test";
		};
/* End PBXNativeTarget section */

/* Begin PBXProject section */
		15F2D5841B2661D2007033E5 /* Project object */ = {
			isa = PBXProject;
			attributes = {
				LastUpgradeCheck = 0630;
				ORGANIZATIONNAME = "Roy Harrington Jr.";
				TargetAttributes = {
					15F2D58B1B2661D2007033E5 = {
						CreatedOnToolsVersion = 6.3.2;
					};
					15F2D5A01B2661D2007033E5 = {
						CreatedOnToolsVersion = 6.3.2;
						TestTargetID = 15F2D58B1B2661D2007033E5;
					};
				};
			};
			buildConfigurationList = 15F2D5871B2661D2007033E5 /* Build configuration list for PBXProject "Lesson 2 example" */;
			compatibilityVersion = "Xcode 3.2";
			developmentRegion = English;
			hasScannedForEncodings = 0;
			knownRegions = (
				en,
				Base,
			);
			mainGroup = 15F2D5831B2661D2007033E5;
			productRefGroup = 15F2D58D1B2661D2007033E5 /* Products */;
			projectDirPath = "";
			projectRoot = "";
			targets = (
				15F2D58B1B2661D2007033E5 /* Lesson 2 example */,
				15F2D5A01B2661D2007033E5 /* Lesson 2 exampleTests */,
			);
		};
/* End PBXProject section */

/* Begin PBXResourcesBuildPhase section */
		15F2D58A1B2661D2007033E5 /* Resources */ = {
			isa = PBXResourcesBuildPhase;
			buildActionMask = 2147483647;
			files = (
				15F2D5971B2661D2007033E5 /* Main.storyboard in Resources */,
				15F2D59C1B2661D2007033E5 /* LaunchScreen.xib in Resources */,
				15F2D5B21B2668CA007033E5 /* 9d28b2597cd07eded7d1f987ebcd9c0c.jpg in Resources */,
				15F2D5991B2661D2007033E5 /* Images.xcassets in Resources */,
			);
			runOnlyForDeploymentPostprocessing = 0;
		};
		15F2D59F1B2661D2007033E5 /* Resources */ = {
			isa = PBXResourcesBuildPhase;
			buildActionMask = 2147483647;
			files = (
			);
			runOnlyForDeploymentPostprocessing = 0;
		};
/* End PBXResourcesBuildPhase section */

/* Begin PBXSourcesBuildPhase section */
		15F2D5881B2661D2007033E5 /* Sources */ = {
			isa = PBXSourcesBuildPhase;
			buildActionMask = 2147483647;
			files = (
				15F2D5941B2661D2007033E5 /* ViewController.swift in Sources */,
				15F2D5921B2661D2007033E5 /* AppDelegate.swift in Sources */,
			);
			runOnlyForDeploymentPostprocessing = 0;
		};
		15F2D59D1B2661D2007033E5 /* Sources */ = {
			isa = PBXSourcesBuildPhase;
			buildActionMask = 2147483647;
			files = (
				15F2D5A81B2661D2007033E5 /* Lesson_2_exampleTests.swift in Sources */,
			);
			runOnlyForDeploymentPostprocessing = 0;
		};
/* End PBXSourcesBuildPhase section */

/* Begin PBXTargetDependency section */
		15F2D5A31B2661D2007033E5 /* PBXTargetDependency */ = {
			isa = PBXTargetDependency;
			target = 15F2D58B1B2661D2007033E5 /* Lesson 2 example */;
			targetProxy = 15F2D5A21B2661D2007033E5 /* PBXContainerItemProxy */;
		};
/* End PBXTargetDependency section */

/* Begin PBXVariantGroup section */
		15F2D5951B2661D2007033E5 /* Main.storyboard */ = {
			isa = PBXVariantGroup;
			children = (
				15F2D5961B2661D2007033E5 /* Base */,
			);
			name = Main.storyboard;
			sourceTree = "<group>";
		};
		15F2D59A1B2661D2007033E5 /* LaunchScreen.xib */ = {
			isa = PBXVariantGroup;
			children = (
				15F2D59B1B2661D2007033E5 /* Base */,
			);
			name = LaunchScreen.xib;
			sourceTree = "<group>";
		};
/* End PBXVariantGroup section */

/* Begin XCBuildConfiguration section */
		15F2D5A91B2661D2007033E5 /* Debug */ = {
			isa = XCBuildConfiguration;
			buildSettings = {
				ALWAYS_SEARCH_USER_PATHS = NO;
				CLANG_CXX_LANGUAGE_STANDARD = "gnu++0x";
				CLANG_CXX_LIBRARY = "libc++";
				CLANG_ENABLE_MODULES = YES;
				CLANG_ENABLE_OBJC_ARC = YES;
				CLANG_WARN_BOOL_CONVERSION = YES;
				CLANG_WARN_CONSTANT_CONVERSION = YES;
				CLANG_WARN_DIRECT_OBJC_ISA_USAGE = YES_ERROR;
				CLANG_WARN_EMPTY_BODY = YES;
				CLANG_WARN_ENUM_CONVERSION = YES;
				CLANG_WARN_INT_CONVERSION = YES;
				CLANG_WARN_OBJC_ROOT_CLASS = YES_ERROR;
				CLANG_WARN_UNREACHABLE_CODE = YES;
				CLANG_WARN__DUPLICATE_METHOD_MATCH = YES;
				"CODE_SIGN_IDENTITY[sdk=iphoneos*]" = "iPhone Developer";
				COPY_PHASE_STRIP = NO;
				DEBUG_INFORMATION_FORMAT = "dwarf-with-dsym";
				ENABLE_STRICT_OBJC_MSGSEND = YES;
				GCC_C_LANGUAGE_STANDARD = gnu99;
				GCC_DYNAMIC_NO_PIC = NO;
				GCC_NO_COMMON_BLOCKS = YES;
				GCC_OPTIMIZATION_LEVEL = 0;
				GCC_PREPROCESSOR_DEFINITIONS = (
					"DEBUG=1",
					"$(inherited)",
				);
				GCC_SYMBOLS_PRIVATE_EXTERN = NO;
				GCC_WARN_64_TO_32_BIT_CONVERSION = YES;
				GCC_WARN_ABOUT_RETURN_TYPE = YES_ERROR;
				GCC_WARN_UNDECLARED_SELECTOR = YES;
				GCC_WARN_UNINITIALIZED_AUTOS = YES_AGGRESSIVE;
				GCC_WARN_UNUSED_FUNCTION = YES;
				GCC_WARN_UNUSED_VARIABLE = YES;
				IPHONEOS_DEPLOYMENT_TARGET = 8.3;
				MTL_ENABLE_DEBUG_INFO = YES;
				ONLY_ACTIVE_ARCH = YES;
				SDKROOT = iphoneos;
				SWIFT_OPTIMIZATION_LEVEL = "-Onone";
			};
			name = Debug;
		};
		15F2D5AA1B2661D2007033E5 /* Release */ = {
			isa = XCBuildConfiguration;
			buildSettings = {
				ALWAYS_SEARCH_USER_PATHS = NO;
				CLANG_CXX_LANGUAGE_STANDARD = "gnu++0x";
				CLANG_CXX_LIBRARY = "libc++";
				CLANG_ENABLE_MODULES = YES;
				CLANG_ENABLE_OBJC_ARC = YES;
				CLANG_WARN_BOOL_CONVERSION = YES;
				CLANG_WARN_CONSTANT_CONVERSION = YES;
				CLANG_WARN_DIRECT_OBJC_ISA_USAGE = YES_ERROR;
				CLANG_WARN_EMPTY_BODY = YES;
				CLANG_WARN_ENUM_CONVERSION = YES;
				CLANG_WARN_INT_CONVERSION = YES;
				CLANG_WARN_OBJC_ROOT_CLASS = YES_ERROR;
				CLANG_WARN_UNREACHABLE_CODE = YES;
				CLANG_WARN__DUPLICATE_METHOD_MATCH = YES;
				"CODE_SIGN_IDENTITY[sdk=iphoneos*]" = "iPhone Developer";
				COPY_PHASE_STRIP = NO;
				DEBUG_INFORMATION_FORMAT = "dwarf-with-dsym";
				ENABLE_NS_ASSERTIONS = NO;
				ENABLE_STRICT_OBJC_MSGSEND = YES;
				GCC_C_LANGUAGE_STANDARD = gnu99;
				GCC_NO_COMMON_BLOCKS = YES;
				GCC_WARN_64_TO_32_BIT_CONVERSION = YES;
				GCC_WARN_ABOUT_RETURN_TYPE = YES_ERROR;
				GCC_WARN_UNDECLARED_SELECTOR = YES;
				GCC_WARN_UNINITIALIZED_AUTOS = YES_AGGRESSIVE;
				GCC_WARN_UNUSED_FUNCTION = YES;
				GCC_WARN_UNUSED_VARIABLE = YES;
				IPHONEOS_DEPLOYMENT_TARGET = 8.3;
				MTL_ENABLE_DEBUG_INFO = NO;
				SDKROOT = iphoneos;
				VALIDATE_PRODUCT = YES;
			};
			name = Release;
		};
		15F2D5AC1B2661D2007033E5 /* Debug */ = {
			isa = XCBuildConfiguration;
			buildSettings = {
				ASSETCATALOG_COMPILER_APPICON_NAME = AppIcon;
				INFOPLIST_FILE = "Lesson 2 example/Info.plist";
				LD_RUNPATH_SEARCH_PATHS = "$(inherited) @executable_path/Frameworks";
				PRODUCT_NAME = "$(TARGET_NAME)";
			};
			name = Debug;
		};
		15F2D5AD1B2661D2007033E5 /* Release */ = {
			isa = XCBuildConfiguration;
			buildSettings = {
				ASSETCATALOG_COMPILER_APPICON_NAME = AppIcon;
				INFOPLIST_FILE = "Lesson 2 example/Info.plist";
				LD_RUNPATH_SEARCH_PATHS = "$(inherited) @executable_path/Frameworks";
				PRODUCT_NAME = "$(TARGET_NAME)";
			};
			name = Release;
		};
		15F2D5AF1B2661D2007033E5 /* Debug */ = {
			isa = XCBuildConfiguration;
			buildSettings = {
				BUNDLE_LOADER = "$(TEST_HOST)";
				FRAMEWORK_SEARCH_PATHS = (
					"$(SDKROOT)/Developer/Library/Frameworks",
					"$(inherited)",
				);
				GCC_PREPROCESSOR_DEFINITIONS = (
					"DEBUG=1",
					"$(inherited)",
				);
				INFOPLIST_FILE = "Lesson 2 exampleTests/Info.plist";
				LD_RUNPATH_SEARCH_PATHS = "$(inherited) @executable_path/Frameworks @loader_path/Frameworks";
				PRODUCT_NAME = "$(TARGET_NAME)";
				TEST_HOST = "$(BUILT_PRODUCTS_DIR)/Lesson 2 example.app/Lesson 2 example";
			};
			name = Debug;
		};
		15F2D5B01B2661D2007033E5 /* Release */ = {
			isa = XCBuildConfiguration;
			buildSettings = {
				BUNDLE_LOADER = "$(TEST_HOST)";
				FRAMEWORK_SEARCH_PATHS = (
					"$(SDKROOT)/Developer/Library/Frameworks",
					"$(inherited)",
				);
				INFOPLIST_FILE = "Lesson 2 exampleTests/Info.plist";
				LD_RUNPATH_SEARCH_PATHS = "$(inherited) @executable_path/Frameworks @loader_path/Frameworks";
				PRODUCT_NAME = "$(TARGET_NAME)";
				TEST_HOST = "$(BUILT_PRODUCTS_DIR)/Lesson 2 example.app/Lesson 2 example";
			};
			name = Release;
		};
/* End XCBuildConfiguration section */

/* Begin XCConfigurationList section */
		15F2D5871B2661D2007033E5 /* Build configuration list for PBXProject "Lesson 2 example" */ = {
			isa = XCConfigurationList;
			buildConfigurations = (
				15F2D5A91B2661D2007033E5 /* Debug */,
				15F2D5AA1B2661D2007033E5 /* Release */,
			);
			defaultConfigurationIsVisible = 0;
			defaultConfigurationName = Release;
		};
		15F2D5AB1B2661D2007033E5 /* Build configuration list for PBXNativeTarget "Lesson 2 example" */ = {
			isa = XCConfigurationList;
			buildConfigurations = (
				15F2D5AC1B2661D2007033E5 /* Debug */,
				15F2D5AD1B2661D2007033E5 /* Release */,
			);
			defaultConfigurationIsVisible = 0;
		};
		15F2D5AE1B2661D2007033E5 /* Build configuration list for PBXNativeTarget "Lesson 2 exampleTests" */ = {
			isa = XCConfigurationList;
			buildConfigurations = (
				15F2D5AF1B2661D2007033E5 /* Debug */,
				15F2D5B01B2661D2007033E5 /* Release */,
			);
			defaultConfigurationIsVisible = 0;
		};
/* End XCConfigurationList section */
	};
	rootObject = 15F2D5841B2661D2007033E5 /* Project object */;
}
